PODS:
  - Alamofire (2.0.0-beta.4)
  - Nimble (2.0.0-rc.2)
  - Quick (0.5.1)

DEPENDENCIES:
  - Alamofire (from `https://github.com/Alamofire/Alamofire.git`, branch `swift-2.0`)
  - Nimble (= 2.0.0-rc.2)
  - Quick (~> 0.5.0)

EXTERNAL SOURCES:
  Alamofire:
    :branch: swift-2.0
    :git: https://github.com/Alamofire/Alamofire.git

CHECKOUT OPTIONS:
  Alamofire:
    :commit: 1108ae4461baa99d9c4898c213ec3e2e2956fab3
    :git: https://github.com/Alamofire/Alamofire.git

SPEC CHECKSUMS:
  Alamofire: 20df1a4740a69d7cf6caf7fd06b8a8fc782f1ebd
  Nimble: e3cf5e73a491daf21c2bc88783dbfc55ce8b8e02
  Quick: 7426537a99e75076d6930c5b6da58006e4a9f38a

COCOAPODS: 0.38.2
