// !$*UTF8*$!
{
	archiveVersion = 1;
	classes = {
	};
	objectVersion = 46;
	objects = {

/* Begin PBXBuildFile section */
		108689C61BC8227D00B2DD87 /* VerifierOf.swift in Sources */ = {isa = PBXBuildFile; fileRef = 108689C51BC8227D00B2DD87 /* VerifierOf.swift */; };
		108689C91BC826C400B2DD87 /* Verifiable.swift in Sources */ = {isa = PBXBuildFile; fileRef = 108689C81BC826C400B2DD87 /* Verifiable.swift */; };
		108689CB1BC841BE00B2DD87 /* InvocationMatchers.swift in Sources */ = {isa = PBXBuildFile; fileRef = 108689CA1BC841BE00B2DD87 /* InvocationMatchers.swift */; };
		10DC90541BBDD31C00811234 /* HarborSpec.swift in Sources */ = {isa = PBXBuildFile; fileRef = 10DC90531BBDD31C00811234 /* HarborSpec.swift */; };
		10DC90561BBDDABF00811234 /* Example.swift in Sources */ = {isa = PBXBuildFile; fileRef = 10DC90551BBDDABF00811234 /* Example.swift */; };
		10DC905F1BBEE12F00811234 /* StatusMenuPresenter.swift in Sources */ = {isa = PBXBuildFile; fileRef = 10DC905E1BBEE12F00811234 /* StatusMenuPresenter.swift */; };
		10DC90611BBEE13700811234 /* StatusMenuView.swift in Sources */ = {isa = PBXBuildFile; fileRef = 10DC90601BBEE13700811234 /* StatusMenuView.swift */; };
		10DC90641BBEE17A00811234 /* Presenter.swift in Sources */ = {isa = PBXBuildFile; fileRef = 10DC90631BBEE17A00811234 /* Presenter.swift */; };
		10DC90661BBEE47C00811234 /* ViewType.swift in Sources */ = {isa = PBXBuildFile; fileRef = 10DC90651BBEE47C00811234 /* ViewType.swift */; };
		10DC906A1BBF088800811234 /* ProjectMenuItem.swift in Sources */ = {isa = PBXBuildFile; fileRef = 10DC90691BBF088800811234 /* ProjectMenuItem.swift */; };
		10DC90721BBF16C900811234 /* ProjectMenuItemModel.swift in Sources */ = {isa = PBXBuildFile; fileRef = 10DC90711BBF16C900811234 /* ProjectMenuItemModel.swift */; };
		10DC90741BBF198900811234 /* Collections.swift in Sources */ = {isa = PBXBuildFile; fileRef = 10DC90731BBF198900811234 /* Collections.swift */; };
		10DC90781BBF1CB700811234 /* BuildViewModel.swift in Sources */ = {isa = PBXBuildFile; fileRef = 10DC90771BBF1CB700811234 /* BuildViewModel.swift */; };
		10DC909A1BC2E20F00811234 /* HarborHelper.app in Copy Helper App */ = {isa = PBXBuildFile; fileRef = 10DC90981BC2E13000811234 /* HarborHelper.app */; settings = {ATTRIBUTES = (RemoveHeadersOnCopy, ); }; };
		10DC909C1BC2E23600811234 /* ServiceManagement.framework in Frameworks */ = {isa = PBXBuildFile; fileRef = 10DC909B1BC2E23600811234 /* ServiceManagement.framework */; };
		10FA1FF81C9237D800A642A7 /* AppComponent.swift in Sources */ = {isa = PBXBuildFile; fileRef = 10FA1FF71C9237D800A642A7 /* AppComponent.swift */; };
		10FA20011C9326D600A642A7 /* InteractorModule.swift in Sources */ = {isa = PBXBuildFile; fileRef = 10FA20001C9326D600A642A7 /* InteractorModule.swift */; };
		10FA20031C93272B00A642A7 /* ServiceModule.swift in Sources */ = {isa = PBXBuildFile; fileRef = 10FA20021C93272B00A642A7 /* ServiceModule.swift */; };
		10FA20051C93274500A642A7 /* SystemModule.swift in Sources */ = {isa = PBXBuildFile; fileRef = 10FA20041C93274500A642A7 /* SystemModule.swift */; };
		10FA20091C93297B00A642A7 /* ViewComponent.swift in Sources */ = {isa = PBXBuildFile; fileRef = 10FA20081C93297B00A642A7 /* ViewComponent.swift */; };
		10FA200B1C932A0800A642A7 /* PreferencesViewModule.swift in Sources */ = {isa = PBXBuildFile; fileRef = 10FA200A1C932A0800A642A7 /* PreferencesViewModule.swift */; };
		10FA200D1C932A2400A642A7 /* StatusMenuViewModule.swift in Sources */ = {isa = PBXBuildFile; fileRef = 10FA200C1C932A2400A642A7 /* StatusMenuViewModule.swift */; };
		10FA200F1C933E1B00A642A7 /* Application.swift in Sources */ = {isa = PBXBuildFile; fileRef = 10FA200E1C933E1B00A642A7 /* Application.swift */; };
		10FA20111C97770600A642A7 /* Environment.swift in Sources */ = {isa = PBXBuildFile; fileRef = 10FA20101C97770600A642A7 /* Environment.swift */; };
		2E0EB95307EB9B5CA6ACB161 /* Pods_Harbor.framework in Frameworks */ = {isa = PBXBuildFile; fileRef = EFE3D042DFD06CDDD92762A5 /* Pods_Harbor.framework */; };
		31121DF81D359B3E00525EA2 /* MockSettings.swift in Sources */ = {isa = PBXBuildFile; fileRef = 31121DF71D359B3E00525EA2 /* MockSettings.swift */; };
		3123E2BF1D3693AF009303A9 /* SettingsType.swift in Sources */ = {isa = PBXBuildFile; fileRef = 3123E2BE1D3693AF009303A9 /* SettingsType.swift */; };
		3123E2C31D3699B6009303A9 /* TimerCoordinatorType.swift in Sources */ = {isa = PBXBuildFile; fileRef = 3123E2C21D3699B6009303A9 /* TimerCoordinatorType.swift */; };
		3123E2C61D369CD5009303A9 /* ProjectsInteractor.swift in Sources */ = {isa = PBXBuildFile; fileRef = 3123E2C51D369CD5009303A9 /* ProjectsInteractor.swift */; };
		3123E2C81D369DD9009303A9 /* MockTimerCoordinator.swift in Sources */ = {isa = PBXBuildFile; fileRef = 3123E2C71D369DD9009303A9 /* MockTimerCoordinator.swift */; };
		31CEEC161D3826BD0023A5AC /* NSButton.swift in Sources */ = {isa = PBXBuildFile; fileRef = 31CEEC151D3826BD0023A5AC /* NSButton.swift */; };
		4C86D9FC1CE50142008E91E4 /* codeshipLogo_blue.png in Resources */ = {isa = PBXBuildFile; fileRef = 4C86D9FA1CE50142008E91E4 /* codeshipLogo_blue.png */; };
		4C86D9FD1CE50142008E91E4 /* codeshipLogo_blue@2x.png in Resources */ = {isa = PBXBuildFile; fileRef = 4C86D9FB1CE50142008E91E4 /* codeshipLogo_blue@2x.png */; };
		721620151D401E4A00EE239C /* Credits.rtf in Resources */ = {isa = PBXBuildFile; fileRef = 721620141D401E4A00EE239C /* Credits.rtf */; };
		CDD5638F36C28F1CBED22C30 /* Pods_Harbor_HarborTests.framework in Frameworks */ = {isa = PBXBuildFile; fileRef = 1EF75FA103814CE2B8C146C9 /* Pods_Harbor_HarborTests.framework */; };
		D01093BC1BB5B3D7002D5794 /* SettingsSpec.swift in Sources */ = {isa = PBXBuildFile; fileRef = D01093BB1BB5B3D7002D5794 /* SettingsSpec.swift */; };
		D01093BF1BB5D932002D5794 /* NotificationCenter.swift in Sources */ = {isa = PBXBuildFile; fileRef = D01093BE1BB5D932002D5794 /* NotificationCenter.swift */; };
		D01093C11BB5D93D002D5794 /* UserDefaults.swift in Sources */ = {isa = PBXBuildFile; fileRef = D01093C01BB5D93D002D5794 /* UserDefaults.swift */; };
		D01093C41BB5DB33002D5794 /* MockUserDefaults.swift in Sources */ = {isa = PBXBuildFile; fileRef = D01093C31BB5DB33002D5794 /* MockUserDefaults.swift */; };
		D01093C71BB5F05E002D5794 /* Invocation.swift in Sources */ = {isa = PBXBuildFile; fileRef = D01093C61BB5F05E002D5794 /* Invocation.swift */; };
		D0458F4E1BB9B83000DCC4A6 /* MockNotificationCenter.swift in Sources */ = {isa = PBXBuildFile; fileRef = D0458F4D1BB9B83000DCC4A6 /* MockNotificationCenter.swift */; };
		D0458F501BB9C7B800DCC4A6 /* TimerCoordinatorSpec.swift in Sources */ = {isa = PBXBuildFile; fileRef = D0458F4F1BB9C7B800DCC4A6 /* TimerCoordinatorSpec.swift */; };
		D0458F521BB9C8AD00DCC4A6 /* RunLoop.swift in Sources */ = {isa = PBXBuildFile; fileRef = D0458F511BB9C8AD00DCC4A6 /* RunLoop.swift */; };
		D0458F561BB9CFCB00DCC4A6 /* MockRunLoop.swift in Sources */ = {isa = PBXBuildFile; fileRef = D0458F551BB9CFCB00DCC4A6 /* MockRunLoop.swift */; };
		D06054251B57F880007A5F81 /* Playground.swift in Sources */ = {isa = PBXBuildFile; fileRef = D06054241B57F880007A5F81 /* Playground.swift */; };
		D0704EA81BBB117C005C808B /* PreferencesPresenterSpec.swift in Sources */ = {isa = PBXBuildFile; fileRef = D0704EA71BBB117C005C808B /* PreferencesPresenterSpec.swift */; };
		D0704EAA1BBB1418005C808B /* MockPreferencesView.swift in Sources */ = {isa = PBXBuildFile; fileRef = D0704EA91BBB1418005C808B /* MockPreferencesView.swift */; };
		D0704EAC1BBB1584005C808B /* MockProjectsProvider.swift in Sources */ = {isa = PBXBuildFile; fileRef = D0704EAB1BBB1584005C808B /* MockProjectsProvider.swift */; };
		D0704EAE1BBB1851005C808B /* None.swift in Sources */ = {isa = PBXBuildFile; fileRef = D0704EAD1BBB1851005C808B /* None.swift */; };
		D0772F0C1B3C437800031FB9 /* AppDelegate.swift in Sources */ = {isa = PBXBuildFile; fileRef = D0772F0B1B3C437800031FB9 /* AppDelegate.swift */; };
		D0772F0F1B3C437800031FB9 /* Harbor.xcdatamodeld in Sources */ = {isa = PBXBuildFile; fileRef = D0772F0D1B3C437800031FB9 /* Harbor.xcdatamodeld */; };
		D0772F111B3C437800031FB9 /* Assets.xcassets in Resources */ = {isa = PBXBuildFile; fileRef = D0772F101B3C437800031FB9 /* Assets.xcassets */; };
		D0772F3A1B3C43B200031FB9 /* Project.swift in Sources */ = {isa = PBXBuildFile; fileRef = D0772F391B3C43B200031FB9 /* Project.swift */; };
		D0772F401B3C44C000031FB9 /* SamplePayload.json in Resources */ = {isa = PBXBuildFile; fileRef = D0772F3F1B3C44C000031FB9 /* SamplePayload.json */; };
		D08EAB321B97531A009564CE /* MainMenu.xib in Resources */ = {isa = PBXBuildFile; fileRef = D08EAB311B97531A009564CE /* MainMenu.xib */; };
		D08EAB391B98A60A009564CE /* codeshipLogo_green.png in Resources */ = {isa = PBXBuildFile; fileRef = D08EAB351B98A60A009564CE /* codeshipLogo_green.png */; };
		D08EAB3A1B98A60A009564CE /* codeshipLogo_green@2px.png in Resources */ = {isa = PBXBuildFile; fileRef = D08EAB361B98A60A009564CE /* codeshipLogo_green@2px.png */; };
		D08EAB3B1B98A60A009564CE /* codeshipLogo_red.png in Resources */ = {isa = PBXBuildFile; fileRef = D08EAB371B98A60A009564CE /* codeshipLogo_red.png */; };
		D08EAB3C1B98A60A009564CE /* codeshipLogo_red@2px.png in Resources */ = {isa = PBXBuildFile; fileRef = D08EAB381B98A60A009564CE /* codeshipLogo_red@2px.png */; };
		D08EAB3E1B98D5C8009564CE /* BuildView.swift in Sources */ = {isa = PBXBuildFile; fileRef = D08EAB3D1B98D5C8009564CE /* BuildView.swift */; };
		D08EAB411B98D5EA009564CE /* BuildView.xib in Resources */ = {isa = PBXBuildFile; fileRef = D08EAB401B98D5EA009564CE /* BuildView.xib */; };
		D0AB5CE51BB9A31100F57790 /* MockKeychain.swift in Sources */ = {isa = PBXBuildFile; fileRef = D0AB5CE41BB9A31100F57790 /* MockKeychain.swift */; };
		D0B156FF1B9A361B00A8D95A /* StatusMenu.swift in Sources */ = {isa = PBXBuildFile; fileRef = D0B156FE1B9A361B00A8D95A /* StatusMenu.swift */; };
		D0B177791B9651BD0055ECC6 /* codeshipLogo_black.png in Resources */ = {isa = PBXBuildFile; fileRef = D0B177771B9651BD0055ECC6 /* codeshipLogo_black.png */; };
		D0B1777A1B9651BD0055ECC6 /* codeshipLogo_black@2x.png in Resources */ = {isa = PBXBuildFile; fileRef = D0B177781B9651BD0055ECC6 /* codeshipLogo_black@2x.png */; };
		D0B1E16C1BB9E74D009D0151 /* ProjectsProviderSpec.swift in Sources */ = {isa = PBXBuildFile; fileRef = D0B1E16B1BB9E74D009D0151 /* ProjectsProviderSpec.swift */; };
		D0B1E16E1BB9EA4C009D0151 /* MockCodeshipApi.swift in Sources */ = {isa = PBXBuildFile; fileRef = D0B1E16D1BB9EA4C009D0151 /* MockCodeshipApi.swift */; };
		D0C002C11BB3472B006A058C /* TextField.swift in Sources */ = {isa = PBXBuildFile; fileRef = D0C002C01BB3472B006A058C /* TextField.swift */; };
		D0C002C31BB35114006A058C /* PreferencesPresenter.swift in Sources */ = {isa = PBXBuildFile; fileRef = D0C002C21BB35114006A058C /* PreferencesPresenter.swift */; };
		D0C002C51BB35136006A058C /* PreferencesView.swift in Sources */ = {isa = PBXBuildFile; fileRef = D0C002C41BB35136006A058C /* PreferencesView.swift */; };
		D0C002C71BB48801006A058C /* Settings.swift in Sources */ = {isa = PBXBuildFile; fileRef = D0C002C61BB48801006A058C /* Settings.swift */; };
		D0C002C91BB49334006A058C /* TimerCoordinator.swift in Sources */ = {isa = PBXBuildFile; fileRef = D0C002C81BB49334006A058C /* TimerCoordinator.swift */; };
		D0C002CB1BB49445006A058C /* ProjectsProvider.swift in Sources */ = {isa = PBXBuildFile; fileRef = D0C002CA1BB49445006A058C /* ProjectsProvider.swift */; };
		D0C002CE1BB4A3E2006A058C /* CodeshipApi.swift in Sources */ = {isa = PBXBuildFile; fileRef = D0C002CD1BB4A3E2006A058C /* CodeshipApi.swift */; };
		D0E3C0C41B9F45FC00D1966C /* PreferencesPaneWindowController.swift in Sources */ = {isa = PBXBuildFile; fileRef = D0E3C0C21B9F45FC00D1966C /* PreferencesPaneWindowController.swift */; };
		D0E3C0C51B9F45FC00D1966C /* PreferencesPaneWindowController.xib in Resources */ = {isa = PBXBuildFile; fileRef = D0E3C0C31B9F45FC00D1966C /* PreferencesPaneWindowController.xib */; };
		D0E3C0C91B9F8F2C00D1966C /* KeychainWrapper.swift in Sources */ = {isa = PBXBuildFile; fileRef = D0E3C0C81B9F8F2C00D1966C /* KeychainWrapper.swift */; };
		D0F5B1991B45786500D30EEF /* SampleProject.json in Resources */ = {isa = PBXBuildFile; fileRef = D0F5B1981B45786500D30EEF /* SampleProject.json */; };
		D0F5B19B1B4578D400D30EEF /* SampleBuild.json in Resources */ = {isa = PBXBuildFile; fileRef = D0F5B19A1B4578D400D30EEF /* SampleBuild.json */; };
		D0F5B19D1B45821200D30EEF /* Build.swift in Sources */ = {isa = PBXBuildFile; fileRef = D0F5B19C1B45821200D30EEF /* Build.swift */; };
/* End PBXBuildFile section */

/* Begin PBXContainerItemProxy section */
		10DC90971BC2E13000811234 /* PBXContainerItemProxy */ = {
			isa = PBXContainerItemProxy;
			containerPortal = 10DC90931BC2E13000811234 /* HarborHelper.xcodeproj */;
			proxyType = 2;
			remoteGlobalIDString = 10DC90831BC2E09800811234;
			remoteInfo = HarborHelper;
		};
		D0772F1B1B3C437800031FB9 /* PBXContainerItemProxy */ = {
			isa = PBXContainerItemProxy;
			containerPortal = D0772F001B3C437800031FB9 /* Project object */;
			proxyType = 1;
			remoteGlobalIDString = D0772F071B3C437800031FB9;
			remoteInfo = Harbor;
		};
/* End PBXContainerItemProxy section */

/* Begin PBXCopyFilesBuildPhase section */
		10DC90991BC2E1E500811234 /* Copy Helper App */ = {
			isa = PBXCopyFilesBuildPhase;
			buildActionMask = 2147483647;
			dstPath = Contents/Library/LoginItems;
			dstSubfolderSpec = 1;
			files = (
				10DC909A1BC2E20F00811234 /* HarborHelper.app in Copy Helper App */,
			);
			name = "Copy Helper App";
			runOnlyForDeploymentPostprocessing = 0;
		};
/* End PBXCopyFilesBuildPhase section */

/* Begin PBXFileReference section */
		108689C51BC8227D00B2DD87 /* VerifierOf.swift */ = {isa = PBXFileReference; fileEncoding = 4; lastKnownFileType = sourcecode.swift; path = VerifierOf.swift; sourceTree = "<group>"; };
		108689C81BC826C400B2DD87 /* Verifiable.swift */ = {isa = PBXFileReference; fileEncoding = 4; lastKnownFileType = sourcecode.swift; path = Verifiable.swift; sourceTree = "<group>"; };
		108689CA1BC841BE00B2DD87 /* InvocationMatchers.swift */ = {isa = PBXFileReference; fileEncoding = 4; lastKnownFileType = sourcecode.swift; path = InvocationMatchers.swift; sourceTree = "<group>"; };
		10DC90531BBDD31C00811234 /* HarborSpec.swift */ = {isa = PBXFileReference; fileEncoding = 4; lastKnownFileType = sourcecode.swift; path = HarborSpec.swift; sourceTree = "<group>"; };
		10DC90551BBDDABF00811234 /* Example.swift */ = {isa = PBXFileReference; fileEncoding = 4; lastKnownFileType = sourcecode.swift; lineEnding = 0; path = Example.swift; sourceTree = "<group>"; xcLanguageSpecificationIdentifier = xcode.lang.swift; };
		10DC905E1BBEE12F00811234 /* StatusMenuPresenter.swift */ = {isa = PBXFileReference; fileEncoding = 4; lastKnownFileType = sourcecode.swift; lineEnding = 0; path = StatusMenuPresenter.swift; sourceTree = "<group>"; xcLanguageSpecificationIdentifier = xcode.lang.swift; };
		10DC90601BBEE13700811234 /* StatusMenuView.swift */ = {isa = PBXFileReference; fileEncoding = 4; lastKnownFileType = sourcecode.swift; path = StatusMenuView.swift; sourceTree = "<group>"; };
		10DC90631BBEE17A00811234 /* Presenter.swift */ = {isa = PBXFileReference; fileEncoding = 4; lastKnownFileType = sourcecode.swift; path = Presenter.swift; sourceTree = "<group>"; };
		10DC90651BBEE47C00811234 /* ViewType.swift */ = {isa = PBXFileReference; fileEncoding = 4; lastKnownFileType = sourcecode.swift; path = ViewType.swift; sourceTree = "<group>"; };
		10DC90691BBF088800811234 /* ProjectMenuItem.swift */ = {isa = PBXFileReference; fileEncoding = 4; lastKnownFileType = sourcecode.swift; path = ProjectMenuItem.swift; sourceTree = "<group>"; };
		10DC90711BBF16C900811234 /* ProjectMenuItemModel.swift */ = {isa = PBXFileReference; fileEncoding = 4; lastKnownFileType = sourcecode.swift; path = ProjectMenuItemModel.swift; sourceTree = "<group>"; };
		10DC90731BBF198900811234 /* Collections.swift */ = {isa = PBXFileReference; fileEncoding = 4; lastKnownFileType = sourcecode.swift; path = Collections.swift; sourceTree = "<group>"; };
		10DC90771BBF1CB700811234 /* BuildViewModel.swift */ = {isa = PBXFileReference; fileEncoding = 4; lastKnownFileType = sourcecode.swift; path = BuildViewModel.swift; sourceTree = "<group>"; };
		10DC90931BC2E13000811234 /* HarborHelper.xcodeproj */ = {isa = PBXFileReference; lastKnownFileType = "wrapper.pb-project"; name = HarborHelper.xcodeproj; path = HarborHelper/HarborHelper.xcodeproj; sourceTree = "<group>"; };
		10DC909B1BC2E23600811234 /* ServiceManagement.framework */ = {isa = PBXFileReference; lastKnownFileType = wrapper.framework; name = ServiceManagement.framework; path = System/Library/Frameworks/ServiceManagement.framework; sourceTree = SDKROOT; };
		10DC909D1BC2E27600811234 /* Harbor.entitlements */ = {isa = PBXFileReference; lastKnownFileType = text.xml; path = Harbor.entitlements; sourceTree = "<group>"; };
		10DC909E1BC2F85C00811234 /* CoreServices.framework */ = {isa = PBXFileReference; lastKnownFileType = wrapper.framework; name = CoreServices.framework; path = System/Library/Frameworks/CoreServices.framework; sourceTree = SDKROOT; };
		10FA1FF71C9237D800A642A7 /* AppComponent.swift */ = {isa = PBXFileReference; fileEncoding = 4; lastKnownFileType = sourcecode.swift; path = AppComponent.swift; sourceTree = "<group>"; };
		10FA20001C9326D600A642A7 /* InteractorModule.swift */ = {isa = PBXFileReference; fileEncoding = 4; lastKnownFileType = sourcecode.swift; lineEnding = 0; path = InteractorModule.swift; sourceTree = "<group>"; xcLanguageSpecificationIdentifier = xcode.lang.swift; };
		10FA20021C93272B00A642A7 /* ServiceModule.swift */ = {isa = PBXFileReference; fileEncoding = 4; lastKnownFileType = sourcecode.swift; path = ServiceModule.swift; sourceTree = "<group>"; };
		10FA20041C93274500A642A7 /* SystemModule.swift */ = {isa = PBXFileReference; fileEncoding = 4; lastKnownFileType = sourcecode.swift; path = SystemModule.swift; sourceTree = "<group>"; };
		10FA20081C93297B00A642A7 /* ViewComponent.swift */ = {isa = PBXFileReference; fileEncoding = 4; lastKnownFileType = sourcecode.swift; path = ViewComponent.swift; sourceTree = "<group>"; };
		10FA200A1C932A0800A642A7 /* PreferencesViewModule.swift */ = {isa = PBXFileReference; fileEncoding = 4; lastKnownFileType = sourcecode.swift; path = PreferencesViewModule.swift; sourceTree = "<group>"; };
		10FA200C1C932A2400A642A7 /* StatusMenuViewModule.swift */ = {isa = PBXFileReference; fileEncoding = 4; lastKnownFileType = sourcecode.swift; path = StatusMenuViewModule.swift; sourceTree = "<group>"; };
		10FA200E1C933E1B00A642A7 /* Application.swift */ = {isa = PBXFileReference; fileEncoding = 4; lastKnownFileType = sourcecode.swift; path = Application.swift; sourceTree = "<group>"; };
		10FA20101C97770600A642A7 /* Environment.swift */ = {isa = PBXFileReference; fileEncoding = 4; lastKnownFileType = sourcecode.swift; path = Environment.swift; sourceTree = "<group>"; };
		1EF75FA103814CE2B8C146C9 /* Pods_Harbor_HarborTests.framework */ = {isa = PBXFileReference; explicitFileType = wrapper.framework; includeInIndex = 0; path = Pods_Harbor_HarborTests.framework; sourceTree = BUILT_PRODUCTS_DIR; };
		31121DF71D359B3E00525EA2 /* MockSettings.swift */ = {isa = PBXFileReference; fileEncoding = 4; lastKnownFileType = sourcecode.swift; lineEnding = 0; path = MockSettings.swift; sourceTree = "<group>"; xcLanguageSpecificationIdentifier = xcode.lang.swift; };
		3123E2BE1D3693AF009303A9 /* SettingsType.swift */ = {isa = PBXFileReference; fileEncoding = 4; lastKnownFileType = sourcecode.swift; lineEnding = 0; path = SettingsType.swift; sourceTree = "<group>"; xcLanguageSpecificationIdentifier = xcode.lang.swift; };
		3123E2C21D3699B6009303A9 /* TimerCoordinatorType.swift */ = {isa = PBXFileReference; fileEncoding = 4; lastKnownFileType = sourcecode.swift; lineEnding = 0; path = TimerCoordinatorType.swift; sourceTree = "<group>"; xcLanguageSpecificationIdentifier = xcode.lang.swift; };
		3123E2C51D369CD5009303A9 /* ProjectsInteractor.swift */ = {isa = PBXFileReference; fileEncoding = 4; lastKnownFileType = sourcecode.swift; path = ProjectsInteractor.swift; sourceTree = "<group>"; };
		3123E2C71D369DD9009303A9 /* MockTimerCoordinator.swift */ = {isa = PBXFileReference; fileEncoding = 4; lastKnownFileType = sourcecode.swift; path = MockTimerCoordinator.swift; sourceTree = "<group>"; };
		31CEEC151D3826BD0023A5AC /* NSButton.swift */ = {isa = PBXFileReference; fileEncoding = 4; lastKnownFileType = sourcecode.swift; path = NSButton.swift; sourceTree = "<group>"; };
		39CFCBB97ED57DD01D949C73 /* Pods-Harbor-HarborTests.test.xcconfig */ = {isa = PBXFileReference; includeInIndex = 1; lastKnownFileType = text.xcconfig; name = "Pods-Harbor-HarborTests.test.xcconfig"; path = "Pods/Target Support Files/Pods-Harbor-HarborTests/Pods-Harbor-HarborTests.test.xcconfig"; sourceTree = "<group>"; };
		3C6502C802E8A7C8D358AB2E /* Pods-HarborTests.test.xcconfig */ = {isa = PBXFileReference; includeInIndex = 1; lastKnownFileType = text.xcconfig; name = "Pods-HarborTests.test.xcconfig"; path = "Pods/Target Support Files/Pods-HarborTests/Pods-HarborTests.test.xcconfig"; sourceTree = "<group>"; };
		4C86D9FA1CE50142008E91E4 /* codeshipLogo_blue.png */ = {isa = PBXFileReference; lastKnownFileType = image.png; path = codeshipLogo_blue.png; sourceTree = "<group>"; };
		4C86D9FB1CE50142008E91E4 /* codeshipLogo_blue@2x.png */ = {isa = PBXFileReference; lastKnownFileType = image.png; path = "codeshipLogo_blue@2x.png"; sourceTree = "<group>"; };
		5D9CECB5F6F368D2C4628413 /* Pods-Harbor.debug.xcconfig */ = {isa = PBXFileReference; includeInIndex = 1; lastKnownFileType = text.xcconfig; name = "Pods-Harbor.debug.xcconfig"; path = "Pods/Target Support Files/Pods-Harbor/Pods-Harbor.debug.xcconfig"; sourceTree = "<group>"; };
		6A44CEAA7EBDF79EBEA74B01 /* Pods-Harbor-HarborTests.release.xcconfig */ = {isa = PBXFileReference; includeInIndex = 1; lastKnownFileType = text.xcconfig; name = "Pods-Harbor-HarborTests.release.xcconfig"; path = "Pods/Target Support Files/Pods-Harbor-HarborTests/Pods-Harbor-HarborTests.release.xcconfig"; sourceTree = "<group>"; };
		6AB17BFC533903194B2259FA /* Pods-HarborTests.release.xcconfig */ = {isa = PBXFileReference; includeInIndex = 1; lastKnownFileType = text.xcconfig; name = "Pods-HarborTests.release.xcconfig"; path = "Pods/Target Support Files/Pods-HarborTests/Pods-HarborTests.release.xcconfig"; sourceTree = "<group>"; };
		7150961101FB11B6275D20F3 /* Pods_HarborTests.framework */ = {isa = PBXFileReference; explicitFileType = wrapper.framework; includeInIndex = 0; path = Pods_HarborTests.framework; sourceTree = BUILT_PRODUCTS_DIR; };
		721620141D401E4A00EE239C /* Credits.rtf */ = {isa = PBXFileReference; fileEncoding = 4; lastKnownFileType = text.rtf; path = Credits.rtf; sourceTree = "<group>"; };
		9F06F0036A0C8CA9A3D11BA6 /* Pods-Harbor.release.xcconfig */ = {isa = PBXFileReference; includeInIndex = 1; lastKnownFileType = text.xcconfig; name = "Pods-Harbor.release.xcconfig"; path = "Pods/Target Support Files/Pods-Harbor/Pods-Harbor.release.xcconfig"; sourceTree = "<group>"; };
		C0CEA4AAFB6873D19A822129 /* Pods-Harbor.test.xcconfig */ = {isa = PBXFileReference; includeInIndex = 1; lastKnownFileType = text.xcconfig; name = "Pods-Harbor.test.xcconfig"; path = "Pods/Target Support Files/Pods-Harbor/Pods-Harbor.test.xcconfig"; sourceTree = "<group>"; };
		D01093BB1BB5B3D7002D5794 /* SettingsSpec.swift */ = {isa = PBXFileReference; fileEncoding = 4; lastKnownFileType = sourcecode.swift; lineEnding = 0; path = SettingsSpec.swift; sourceTree = "<group>"; xcLanguageSpecificationIdentifier = xcode.lang.swift; };
		D01093BE1BB5D932002D5794 /* NotificationCenter.swift */ = {isa = PBXFileReference; fileEncoding = 4; lastKnownFileType = sourcecode.swift; path = NotificationCenter.swift; sourceTree = "<group>"; };
		D01093C01BB5D93D002D5794 /* UserDefaults.swift */ = {isa = PBXFileReference; fileEncoding = 4; lastKnownFileType = sourcecode.swift; path = UserDefaults.swift; sourceTree = "<group>"; };
		D01093C31BB5DB33002D5794 /* MockUserDefaults.swift */ = {isa = PBXFileReference; fileEncoding = 4; lastKnownFileType = sourcecode.swift; path = MockUserDefaults.swift; sourceTree = "<group>"; };
		D01093C61BB5F05E002D5794 /* Invocation.swift */ = {isa = PBXFileReference; fileEncoding = 4; lastKnownFileType = sourcecode.swift; path = Invocation.swift; sourceTree = "<group>"; };
		D0458F4D1BB9B83000DCC4A6 /* MockNotificationCenter.swift */ = {isa = PBXFileReference; fileEncoding = 4; lastKnownFileType = sourcecode.swift; lineEnding = 0; path = MockNotificationCenter.swift; sourceTree = "<group>"; xcLanguageSpecificationIdentifier = xcode.lang.swift; };
		D0458F4F1BB9C7B800DCC4A6 /* TimerCoordinatorSpec.swift */ = {isa = PBXFileReference; fileEncoding = 4; lastKnownFileType = sourcecode.swift; lineEnding = 0; path = TimerCoordinatorSpec.swift; sourceTree = "<group>"; xcLanguageSpecificationIdentifier = xcode.lang.swift; };
		D0458F511BB9C8AD00DCC4A6 /* RunLoop.swift */ = {isa = PBXFileReference; fileEncoding = 4; lastKnownFileType = sourcecode.swift; path = RunLoop.swift; sourceTree = "<group>"; };
		D0458F551BB9CFCB00DCC4A6 /* MockRunLoop.swift */ = {isa = PBXFileReference; fileEncoding = 4; lastKnownFileType = sourcecode.swift; path = MockRunLoop.swift; sourceTree = "<group>"; };
		D06054241B57F880007A5F81 /* Playground.swift */ = {isa = PBXFileReference; fileEncoding = 4; lastKnownFileType = sourcecode.swift; path = Playground.swift; sourceTree = "<group>"; };
		D0704EA71BBB117C005C808B /* PreferencesPresenterSpec.swift */ = {isa = PBXFileReference; fileEncoding = 4; lastKnownFileType = sourcecode.swift; lineEnding = 0; path = PreferencesPresenterSpec.swift; sourceTree = "<group>"; xcLanguageSpecificationIdentifier = xcode.lang.swift; };
		D0704EA91BBB1418005C808B /* MockPreferencesView.swift */ = {isa = PBXFileReference; fileEncoding = 4; lastKnownFileType = sourcecode.swift; path = MockPreferencesView.swift; sourceTree = "<group>"; };
		D0704EAB1BBB1584005C808B /* MockProjectsProvider.swift */ = {isa = PBXFileReference; fileEncoding = 4; lastKnownFileType = sourcecode.swift; path = MockProjectsProvider.swift; sourceTree = "<group>"; };
		D0704EAD1BBB1851005C808B /* None.swift */ = {isa = PBXFileReference; fileEncoding = 4; lastKnownFileType = sourcecode.swift; path = None.swift; sourceTree = "<group>"; };
		D0772F081B3C437800031FB9 /* Harbor.app */ = {isa = PBXFileReference; explicitFileType = wrapper.application; includeInIndex = 0; path = Harbor.app; sourceTree = BUILT_PRODUCTS_DIR; };
		D0772F0B1B3C437800031FB9 /* AppDelegate.swift */ = {isa = PBXFileReference; lastKnownFileType = sourcecode.swift; lineEnding = 0; path = AppDelegate.swift; sourceTree = "<group>"; xcLanguageSpecificationIdentifier = xcode.lang.swift; };
		D0772F0E1B3C437800031FB9 /* Harbor.xcdatamodel */ = {isa = PBXFileReference; lastKnownFileType = wrapper.xcdatamodel; path = Harbor.xcdatamodel; sourceTree = "<group>"; };
		D0772F101B3C437800031FB9 /* Assets.xcassets */ = {isa = PBXFileReference; lastKnownFileType = folder.assetcatalog; path = Assets.xcassets; sourceTree = "<group>"; };
		D0772F151B3C437800031FB9 /* Info.plist */ = {isa = PBXFileReference; lastKnownFileType = text.plist.xml; path = Info.plist; sourceTree = "<group>"; };
		D0772F1A1B3C437800031FB9 /* HarborTests.xctest */ = {isa = PBXFileReference; explicitFileType = wrapper.cfbundle; includeInIndex = 0; path = HarborTests.xctest; sourceTree = BUILT_PRODUCTS_DIR; };
		D0772F201B3C437800031FB9 /* Info.plist */ = {isa = PBXFileReference; lastKnownFileType = text.plist.xml; path = Info.plist; sourceTree = "<group>"; };
		D0772F391B3C43B200031FB9 /* Project.swift */ = {isa = PBXFileReference; fileEncoding = 4; lastKnownFileType = sourcecode.swift; path = Project.swift; sourceTree = "<group>"; };
		D0772F3F1B3C44C000031FB9 /* SamplePayload.json */ = {isa = PBXFileReference; fileEncoding = 4; indentWidth = 2; lastKnownFileType = text.json; path = SamplePayload.json; sourceTree = "<group>"; tabWidth = 2; };
		D08EAB311B97531A009564CE /* MainMenu.xib */ = {isa = PBXFileReference; fileEncoding = 4; lastKnownFileType = file.xib; path = MainMenu.xib; sourceTree = "<group>"; };
		D08EAB351B98A60A009564CE /* codeshipLogo_green.png */ = {isa = PBXFileReference; lastKnownFileType = image.png; path = codeshipLogo_green.png; sourceTree = "<group>"; };
		D08EAB361B98A60A009564CE /* codeshipLogo_green@2px.png */ = {isa = PBXFileReference; lastKnownFileType = image.png; path = "codeshipLogo_green@2px.png"; sourceTree = "<group>"; };
		D08EAB371B98A60A009564CE /* codeshipLogo_red.png */ = {isa = PBXFileReference; lastKnownFileType = image.png; path = codeshipLogo_red.png; sourceTree = "<group>"; };
		D08EAB381B98A60A009564CE /* codeshipLogo_red@2px.png */ = {isa = PBXFileReference; lastKnownFileType = image.png; path = "codeshipLogo_red@2px.png"; sourceTree = "<group>"; };
		D08EAB3D1B98D5C8009564CE /* BuildView.swift */ = {isa = PBXFileReference; fileEncoding = 4; lastKnownFileType = sourcecode.swift; path = BuildView.swift; sourceTree = "<group>"; };
		D08EAB401B98D5EA009564CE /* BuildView.xib */ = {isa = PBXFileReference; fileEncoding = 4; lastKnownFileType = file.xib; path = BuildView.xib; sourceTree = "<group>"; };
		D0A3E7501B73AC51006E4350 /* Alamofire.framework */ = {isa = PBXFileReference; lastKnownFileType = wrapper.framework; name = Alamofire.framework; path = Pods/../build/Release/Alamofire.framework; sourceTree = "<group>"; };
		D0A3E7521B73AC57006E4350 /* OCMapper.framework */ = {isa = PBXFileReference; lastKnownFileType = wrapper.framework; name = OCMapper.framework; path = Pods/../build/Debug/OCMapper.framework; sourceTree = "<group>"; };
		D0AB5CE41BB9A31100F57790 /* MockKeychain.swift */ = {isa = PBXFileReference; fileEncoding = 4; lastKnownFileType = sourcecode.swift; path = MockKeychain.swift; sourceTree = "<group>"; };
		D0B156FE1B9A361B00A8D95A /* StatusMenu.swift */ = {isa = PBXFileReference; fileEncoding = 4; lastKnownFileType = sourcecode.swift; path = StatusMenu.swift; sourceTree = "<group>"; };
		D0B177701B9611400055ECC6 /* Alamofire.framework */ = {isa = PBXFileReference; lastKnownFileType = wrapper.framework; name = Alamofire.framework; path = "../../../../../Library/Developer/Xcode/DerivedData/Harbor-heejklmuxvludkgdxatbozvazkoh/Build/Products/Debug/Alamofire.framework"; sourceTree = "<group>"; };
		D0B177771B9651BD0055ECC6 /* codeshipLogo_black.png */ = {isa = PBXFileReference; lastKnownFileType = image.png; path = codeshipLogo_black.png; sourceTree = "<group>"; };
		D0B177781B9651BD0055ECC6 /* codeshipLogo_black@2x.png */ = {isa = PBXFileReference; lastKnownFileType = image.png; path = "codeshipLogo_black@2x.png"; sourceTree = "<group>"; };
		D0B1E16B1BB9E74D009D0151 /* ProjectsProviderSpec.swift */ = {isa = PBXFileReference; fileEncoding = 4; lastKnownFileType = sourcecode.swift; path = ProjectsProviderSpec.swift; sourceTree = "<group>"; };
		D0B1E16D1BB9EA4C009D0151 /* MockCodeshipApi.swift */ = {isa = PBXFileReference; fileEncoding = 4; lastKnownFileType = sourcecode.swift; path = MockCodeshipApi.swift; sourceTree = "<group>"; };
		D0C002C01BB3472B006A058C /* TextField.swift */ = {isa = PBXFileReference; fileEncoding = 4; lastKnownFileType = sourcecode.swift; path = TextField.swift; sourceTree = "<group>"; };
		D0C002C21BB35114006A058C /* PreferencesPresenter.swift */ = {isa = PBXFileReference; fileEncoding = 4; lastKnownFileType = sourcecode.swift; lineEnding = 0; path = PreferencesPresenter.swift; sourceTree = "<group>"; xcLanguageSpecificationIdentifier = xcode.lang.swift; };
		D0C002C41BB35136006A058C /* PreferencesView.swift */ = {isa = PBXFileReference; fileEncoding = 4; lastKnownFileType = sourcecode.swift; path = PreferencesView.swift; sourceTree = "<group>"; };
		D0C002C61BB48801006A058C /* Settings.swift */ = {isa = PBXFileReference; fileEncoding = 4; lastKnownFileType = sourcecode.swift; lineEnding = 0; path = Settings.swift; sourceTree = "<group>"; xcLanguageSpecificationIdentifier = xcode.lang.swift; };
		D0C002C81BB49334006A058C /* TimerCoordinator.swift */ = {isa = PBXFileReference; fileEncoding = 4; lastKnownFileType = sourcecode.swift; lineEnding = 0; path = TimerCoordinator.swift; sourceTree = "<group>"; xcLanguageSpecificationIdentifier = xcode.lang.swift; };
		D0C002CA1BB49445006A058C /* ProjectsProvider.swift */ = {isa = PBXFileReference; fileEncoding = 4; lastKnownFileType = sourcecode.swift; lineEnding = 0; path = ProjectsProvider.swift; sourceTree = "<group>"; xcLanguageSpecificationIdentifier = xcode.lang.swift; };
		D0C002CD1BB4A3E2006A058C /* CodeshipApi.swift */ = {isa = PBXFileReference; fileEncoding = 4; lastKnownFileType = sourcecode.swift; lineEnding = 0; path = CodeshipApi.swift; sourceTree = "<group>"; xcLanguageSpecificationIdentifier = xcode.lang.swift; };
		D0E3C0C21B9F45FC00D1966C /* PreferencesPaneWindowController.swift */ = {isa = PBXFileReference; fileEncoding = 4; lastKnownFileType = sourcecode.swift; path = PreferencesPaneWindowController.swift; sourceTree = "<group>"; };
		D0E3C0C31B9F45FC00D1966C /* PreferencesPaneWindowController.xib */ = {isa = PBXFileReference; fileEncoding = 4; lastKnownFileType = file.xib; path = PreferencesPaneWindowController.xib; sourceTree = "<group>"; };
		D0E3C0C81B9F8F2C00D1966C /* KeychainWrapper.swift */ = {isa = PBXFileReference; fileEncoding = 4; lastKnownFileType = sourcecode.swift; path = KeychainWrapper.swift; sourceTree = "<group>"; };
		D0F5B1981B45786500D30EEF /* SampleProject.json */ = {isa = PBXFileReference; fileEncoding = 4; lastKnownFileType = text.json; name = SampleProject.json; path = HarborTests/SampleProject.json; sourceTree = SOURCE_ROOT; };
		D0F5B19A1B4578D400D30EEF /* SampleBuild.json */ = {isa = PBXFileReference; fileEncoding = 4; lastKnownFileType = text.json; path = SampleBuild.json; sourceTree = "<group>"; };
		D0F5B19C1B45821200D30EEF /* Build.swift */ = {isa = PBXFileReference; fileEncoding = 4; lastKnownFileType = sourcecode.swift; path = Build.swift; sourceTree = "<group>"; };
		D263D9B112452CA339017421 /* Pods-Harbor-HarborTests.debug.xcconfig */ = {isa = PBXFileReference; includeInIndex = 1; lastKnownFileType = text.xcconfig; name = "Pods-Harbor-HarborTests.debug.xcconfig"; path = "Pods/Target Support Files/Pods-Harbor-HarborTests/Pods-Harbor-HarborTests.debug.xcconfig"; sourceTree = "<group>"; };
		EFE3D042DFD06CDDD92762A5 /* Pods_Harbor.framework */ = {isa = PBXFileReference; explicitFileType = wrapper.framework; includeInIndex = 0; path = Pods_Harbor.framework; sourceTree = BUILT_PRODUCTS_DIR; };
		F2038433ED1FEE0835681600 /* Pods-HarborTests.debug.xcconfig */ = {isa = PBXFileReference; includeInIndex = 1; lastKnownFileType = text.xcconfig; name = "Pods-HarborTests.debug.xcconfig"; path = "Pods/Target Support Files/Pods-HarborTests/Pods-HarborTests.debug.xcconfig"; sourceTree = "<group>"; };
/* End PBXFileReference section */

/* Begin PBXFrameworksBuildPhase section */
		D0772F051B3C437800031FB9 /* Frameworks */ = {
			isa = PBXFrameworksBuildPhase;
			buildActionMask = 2147483647;
			files = (
				10DC909C1BC2E23600811234 /* ServiceManagement.framework in Frameworks */,
				2E0EB95307EB9B5CA6ACB161 /* Pods_Harbor.framework in Frameworks */,
			);
			runOnlyForDeploymentPostprocessing = 0;
		};
		D0772F171B3C437800031FB9 /* Frameworks */ = {
			isa = PBXFrameworksBuildPhase;
			buildActionMask = 2147483647;
			files = (
				CDD5638F36C28F1CBED22C30 /* Pods_Harbor_HarborTests.framework in Frameworks */,
			);
			runOnlyForDeploymentPostprocessing = 0;
		};
/* End PBXFrameworksBuildPhase section */

/* Begin PBXGroup section */
		10DC905A1BBED7A000811234 /* Preferences */ = {
			isa = PBXGroup;
			children = (
				D0E3C0C31B9F45FC00D1966C /* PreferencesPaneWindowController.xib */,
				D0E3C0C21B9F45FC00D1966C /* PreferencesPaneWindowController.swift */,
				D0C002C41BB35136006A058C /* PreferencesView.swift */,
				D0C002C21BB35114006A058C /* PreferencesPresenter.swift */,
			);
			name = Preferences;
			sourceTree = "<group>";
		};
		10DC905B1BBED7DE00811234 /* Menu */ = {
			isa = PBXGroup;
			children = (
				D08EAB311B97531A009564CE /* MainMenu.xib */,
				D0B156FE1B9A361B00A8D95A /* StatusMenu.swift */,
				10DC90601BBEE13700811234 /* StatusMenuView.swift */,
				10DC905E1BBEE12F00811234 /* StatusMenuPresenter.swift */,
				10DC90691BBF088800811234 /* ProjectMenuItem.swift */,
				10DC90711BBF16C900811234 /* ProjectMenuItemModel.swift */,
				D08EAB401B98D5EA009564CE /* BuildView.xib */,
				D08EAB3D1B98D5C8009564CE /* BuildView.swift */,
				10DC90771BBF1CB700811234 /* BuildViewModel.swift */,
			);
			name = Menu;
			sourceTree = "<group>";
		};
		10DC90621BBEE17100811234 /* Core */ = {
			isa = PBXGroup;
			children = (
				10DC90631BBEE17A00811234 /* Presenter.swift */,
				10DC90651BBEE47C00811234 /* ViewType.swift */,
			);
			name = Core;
			sourceTree = "<group>";
		};
		10DC90791BC2CEDE00811234 /* Shared */ = {
			isa = PBXGroup;
			children = (
				D0C002C01BB3472B006A058C /* TextField.swift */,
			);
			name = Shared;
			sourceTree = "<group>";
		};
		10DC90941BC2E13000811234 /* Products */ = {
			isa = PBXGroup;
			children = (
				10DC90981BC2E13000811234 /* HarborHelper.app */,
			);
			name = Products;
			sourceTree = "<group>";
		};
		10FA1FF51C9236A400A642A7 /* Drip */ = {
			isa = PBXGroup;
			children = (
				10FA20061C93280C00A642A7 /* App */,
				10FA20071C93295700A642A7 /* View */,
			);
			name = Drip;
			path = ../Components;
			sourceTree = "<group>";
		};
		10FA20061C93280C00A642A7 /* App */ = {
			isa = PBXGroup;
			children = (
				10FA1FF71C9237D800A642A7 /* AppComponent.swift */,
				10FA20041C93274500A642A7 /* SystemModule.swift */,
				10FA20021C93272B00A642A7 /* ServiceModule.swift */,
				10FA20001C9326D600A642A7 /* InteractorModule.swift */,
			);
			name = App;
			sourceTree = "<group>";
		};
		10FA20071C93295700A642A7 /* View */ = {
			isa = PBXGroup;
			children = (
				10FA20081C93297B00A642A7 /* ViewComponent.swift */,
				10FA200C1C932A2400A642A7 /* StatusMenuViewModule.swift */,
				10FA200A1C932A0800A642A7 /* PreferencesViewModule.swift */,
			);
			name = View;
			sourceTree = "<group>";
		};
		721620101D401E0000EE239C /* Resources */ = {
			isa = PBXGroup;
			children = (
				721620141D401E4A00EE239C /* Credits.rtf */,
			);
			name = Resources;
			sourceTree = "<group>";
		};
		A338C7D8E749FE47B694D06D /* Pods */ = {
			isa = PBXGroup;
			children = (
				F2038433ED1FEE0835681600 /* Pods-HarborTests.debug.xcconfig */,
				3C6502C802E8A7C8D358AB2E /* Pods-HarborTests.test.xcconfig */,
				6AB17BFC533903194B2259FA /* Pods-HarborTests.release.xcconfig */,
				5D9CECB5F6F368D2C4628413 /* Pods-Harbor.debug.xcconfig */,
				C0CEA4AAFB6873D19A822129 /* Pods-Harbor.test.xcconfig */,
				9F06F0036A0C8CA9A3D11BA6 /* Pods-Harbor.release.xcconfig */,
				D263D9B112452CA339017421 /* Pods-Harbor-HarborTests.debug.xcconfig */,
				39CFCBB97ED57DD01D949C73 /* Pods-Harbor-HarborTests.test.xcconfig */,
				6A44CEAA7EBDF79EBEA74B01 /* Pods-Harbor-HarborTests.release.xcconfig */,
			);
			name = Pods;
			sourceTree = "<group>";
		};
		C61573DD1BA5E0B634D1395C /* Frameworks */ = {
			isa = PBXGroup;
			children = (
				10DC909E1BC2F85C00811234 /* CoreServices.framework */,
				10DC909B1BC2E23600811234 /* ServiceManagement.framework */,
				D0B177701B9611400055ECC6 /* Alamofire.framework */,
				D0A3E7521B73AC57006E4350 /* OCMapper.framework */,
				D0A3E7501B73AC51006E4350 /* Alamofire.framework */,
				EFE3D042DFD06CDDD92762A5 /* Pods_Harbor.framework */,
				7150961101FB11B6275D20F3 /* Pods_HarborTests.framework */,
				1EF75FA103814CE2B8C146C9 /* Pods_Harbor_HarborTests.framework */,
			);
			name = Frameworks;
			sourceTree = "<group>";
		};
		D01093BA1BB5B355002D5794 /* Interactors */ = {
			isa = PBXGroup;
			children = (
				D01093BB1BB5B3D7002D5794 /* SettingsSpec.swift */,
				D0458F4F1BB9C7B800DCC4A6 /* TimerCoordinatorSpec.swift */,
				D0B1E16B1BB9E74D009D0151 /* ProjectsProviderSpec.swift */,
			);
			name = Interactors;
			sourceTree = "<group>";
		};
		D01093C21BB5DB27002D5794 /* Mocks */ = {
			isa = PBXGroup;
			children = (
				D01093C31BB5DB33002D5794 /* MockUserDefaults.swift */,
				D0AB5CE41BB9A31100F57790 /* MockKeychain.swift */,
				D0458F4D1BB9B83000DCC4A6 /* MockNotificationCenter.swift */,
				D0458F551BB9CFCB00DCC4A6 /* MockRunLoop.swift */,
				D0B1E16D1BB9EA4C009D0151 /* MockCodeshipApi.swift */,
				D0704EA91BBB1418005C808B /* MockPreferencesView.swift */,
				D0704EAB1BBB1584005C808B /* MockProjectsProvider.swift */,
				31121DF71D359B3E00525EA2 /* MockSettings.swift */,
				3123E2C71D369DD9009303A9 /* MockTimerCoordinator.swift */,
			);
			name = Mocks;
			sourceTree = "<group>";
		};
		D01093C51BB5F049002D5794 /* Support */ = {
			isa = PBXGroup;
			children = (
				10DC90531BBDD31C00811234 /* HarborSpec.swift */,
				10DC90551BBDDABF00811234 /* Example.swift */,
				D01093C61BB5F05E002D5794 /* Invocation.swift */,
				108689CA1BC841BE00B2DD87 /* InvocationMatchers.swift */,
				108689C81BC826C400B2DD87 /* Verifiable.swift */,
				108689C51BC8227D00B2DD87 /* VerifierOf.swift */,
				D0704EAD1BBB1851005C808B /* None.swift */,
			);
			name = Support;
			sourceTree = "<group>";
		};
		D0254DA91B95FD1A00D12AF0 /* Extensions */ = {
			isa = PBXGroup;
			children = (
				D0E3C0C81B9F8F2C00D1966C /* KeychainWrapper.swift */,
				D01093C01BB5D93D002D5794 /* UserDefaults.swift */,
				D01093BE1BB5D932002D5794 /* NotificationCenter.swift */,
				D0458F511BB9C8AD00DCC4A6 /* RunLoop.swift */,
				10DC90731BBF198900811234 /* Collections.swift */,
				10FA20101C97770600A642A7 /* Environment.swift */,
				31CEEC151D3826BD0023A5AC /* NSButton.swift */,
			);
			name = Extensions;
			sourceTree = "<group>";
		};
		D0704EA61BBB1168005C808B /* Presenters */ = {
			isa = PBXGroup;
			children = (
				D0704EA71BBB117C005C808B /* PreferencesPresenterSpec.swift */,
			);
			name = Presenters;
			sourceTree = "<group>";
		};
		D0772EFF1B3C437800031FB9 = {
			isa = PBXGroup;
			children = (
				10DC90931BC2E13000811234 /* HarborHelper.xcodeproj */,
				D0772F0A1B3C437800031FB9 /* Harbor */,
				D0772F1D1B3C437800031FB9 /* HarborTests */,
				D0772F091B3C437800031FB9 /* Products */,
				C61573DD1BA5E0B634D1395C /* Frameworks */,
				A338C7D8E749FE47B694D06D /* Pods */,
			);
			sourceTree = "<group>";
		};
		D0772F091B3C437800031FB9 /* Products */ = {
			isa = PBXGroup;
			children = (
				D0772F081B3C437800031FB9 /* Harbor.app */,
				D0772F1A1B3C437800031FB9 /* HarborTests.xctest */,
			);
			name = Products;
			sourceTree = "<group>";
		};
		D0772F0A1B3C437800031FB9 /* Harbor */ = {
			isa = PBXGroup;
			children = (
				721620101D401E0000EE239C /* Resources */,
				10FA200E1C933E1B00A642A7 /* Application.swift */,
				D0772F0B1B3C437800031FB9 /* AppDelegate.swift */,
				D08EAB3F1B98D5D5009564CE /* Views */,
				D0C002CC1BB49452006A058C /* Interactors */,
				10FA1FF51C9236A400A642A7 /* Drip */,
				D0A3E7441B73A764006E4350 /* API */,
				D0772F371B3C438900031FB9 /* Domain */,
				D0254DA91B95FD1A00D12AF0 /* Extensions */,
				10DC909D1BC2E27600811234 /* Harbor.entitlements */,
				D0772F101B3C437800031FB9 /* Assets.xcassets */,
				D0772F151B3C437800031FB9 /* Info.plist */,
				D0772F0D1B3C437800031FB9 /* Harbor.xcdatamodeld */,
				D0B1777B1B9651C30055ECC6 /* Images */,
			);
			path = Harbor;
			sourceTree = "<group>";
		};
		D0772F1D1B3C437800031FB9 /* HarborTests */ = {
			isa = PBXGroup;
			children = (
				D01093BA1BB5B355002D5794 /* Interactors */,
				D0704EA61BBB1168005C808B /* Presenters */,
				D0772F381B3C439100031FB9 /* Domain */,
				D01093C21BB5DB27002D5794 /* Mocks */,
				D01093C51BB5F049002D5794 /* Support */,
				D0772F201B3C437800031FB9 /* Info.plist */,
			);
			path = HarborTests;
			sourceTree = "<group>";
		};
		D0772F371B3C438900031FB9 /* Domain */ = {
			isa = PBXGroup;
			children = (
				D0772F391B3C43B200031FB9 /* Project.swift */,
				D0F5B19C1B45821200D30EEF /* Build.swift */,
				D06054241B57F880007A5F81 /* Playground.swift */,
				D0F5B1981B45786500D30EEF /* SampleProject.json */,
			);
			name = Domain;
			sourceTree = "<group>";
		};
		D0772F381B3C439100031FB9 /* Domain */ = {
			isa = PBXGroup;
			children = (
				D0772F3F1B3C44C000031FB9 /* SamplePayload.json */,
				D0F5B19A1B4578D400D30EEF /* SampleBuild.json */,
			);
			name = Domain;
			sourceTree = "<group>";
		};
		D08EAB3F1B98D5D5009564CE /* Views */ = {
			isa = PBXGroup;
			children = (
				10DC90621BBEE17100811234 /* Core */,
				10DC905B1BBED7DE00811234 /* Menu */,
				10DC905A1BBED7A000811234 /* Preferences */,
				10DC90791BC2CEDE00811234 /* Shared */,
			);
			name = Views;
			sourceTree = "<group>";
		};
		D0A3E7441B73A764006E4350 /* API */ = {
			isa = PBXGroup;
			children = (
				D0C002CD1BB4A3E2006A058C /* CodeshipApi.swift */,
			);
			name = API;
			sourceTree = "<group>";
		};
		D0B1777B1B9651C30055ECC6 /* Images */ = {
			isa = PBXGroup;
			children = (
				4C86D9FA1CE50142008E91E4 /* codeshipLogo_blue.png */,
				4C86D9FB1CE50142008E91E4 /* codeshipLogo_blue@2x.png */,
				D08EAB351B98A60A009564CE /* codeshipLogo_green.png */,
				D08EAB361B98A60A009564CE /* codeshipLogo_green@2px.png */,
				D08EAB371B98A60A009564CE /* codeshipLogo_red.png */,
				D08EAB381B98A60A009564CE /* codeshipLogo_red@2px.png */,
				D0B177771B9651BD0055ECC6 /* codeshipLogo_black.png */,
				D0B177781B9651BD0055ECC6 /* codeshipLogo_black@2x.png */,
			);
			name = Images;
			sourceTree = "<group>";
		};
		D0C002CC1BB49452006A058C /* Interactors */ = {
			isa = PBXGroup;
			children = (
				3123E2BE1D3693AF009303A9 /* SettingsType.swift */,
				D0C002C61BB48801006A058C /* Settings.swift */,
				3123E2C21D3699B6009303A9 /* TimerCoordinatorType.swift */,
				D0C002C81BB49334006A058C /* TimerCoordinator.swift */,
				3123E2C51D369CD5009303A9 /* ProjectsInteractor.swift */,
				D0C002CA1BB49445006A058C /* ProjectsProvider.swift */,
			);
			name = Interactors;
			sourceTree = "<group>";
		};
/* End PBXGroup section */

/* Begin PBXNativeTarget section */
		D0772F071B3C437800031FB9 /* Harbor */ = {
			isa = PBXNativeTarget;
			buildConfigurationList = D0772F2E1B3C437800031FB9 /* Build configuration list for PBXNativeTarget "Harbor" */;
			buildPhases = (
				74748A0262D4DB5BB92BFA43 /* [CP] Check Pods Manifest.lock */,
				D0772F041B3C437800031FB9 /* Sources */,
				D0772F051B3C437800031FB9 /* Frameworks */,
				D0772F061B3C437800031FB9 /* Resources */,
				10DC90991BC2E1E500811234 /* Copy Helper App */,
				151204C4C159CC2997B64C1B /* [CP] Embed Pods Frameworks */,
				A870D6751F5FCECE247C0B90 /* [CP] Copy Pods Resources */,
			);
			buildRules = (
			);
			dependencies = (
			);
			name = Harbor;
			productName = Harbor;
			productReference = D0772F081B3C437800031FB9 /* Harbor.app */;
			productType = "com.apple.product-type.application";
		};
		D0772F191B3C437800031FB9 /* HarborTests */ = {
			isa = PBXNativeTarget;
			buildConfigurationList = D0772F311B3C437800031FB9 /* Build configuration list for PBXNativeTarget "HarborTests" */;
			buildPhases = (
				C74A075B257374DF83F3EEA0 /* [CP] Check Pods Manifest.lock */,
				D0772F161B3C437800031FB9 /* Sources */,
				D0772F171B3C437800031FB9 /* Frameworks */,
				D0772F181B3C437800031FB9 /* Resources */,
				4D6108BCB9DD434C1F0F72E0 /* [CP] Embed Pods Frameworks */,
				B384A84D6DFD9BC94E8D5E31 /* [CP] Copy Pods Resources */,
			);
			buildRules = (
			);
			dependencies = (
				D0772F1C1B3C437800031FB9 /* PBXTargetDependency */,
			);
			name = HarborTests;
			productName = HarborTests;
			productReference = D0772F1A1B3C437800031FB9 /* HarborTests.xctest */;
			productType = "com.apple.product-type.bundle.unit-test";
		};
/* End PBXNativeTarget section */

/* Begin PBXProject section */
		D0772F001B3C437800031FB9 /* Project object */ = {
			isa = PBXProject;
			attributes = {
				LastSwiftMigration = 0700;
				LastUpgradeCheck = 0700;
				ORGANIZATIONNAME = DevMynd;
				TargetAttributes = {
					D0772F071B3C437800031FB9 = {
						CreatedOnToolsVersion = 7.0;
						DevelopmentTeam = XYSLJDS3VA;
						LastSwiftMigration = 0800;
						SystemCapabilities = {
							com.apple.Sandbox = {
								enabled = 1;
							};
						};
					};
					D0772F191B3C437800031FB9 = {
						CreatedOnToolsVersion = 7.0;
						LastSwiftMigration = 0800;
						TestTargetID = D0772F071B3C437800031FB9;
					};
				};
			};
			buildConfigurationList = D0772F031B3C437800031FB9 /* Build configuration list for PBXProject "Harbor" */;
			compatibilityVersion = "Xcode 3.2";
			developmentRegion = English;
			hasScannedForEncodings = 0;
			knownRegions = (
				en,
				Base,
			);
			mainGroup = D0772EFF1B3C437800031FB9;
			productRefGroup = D0772F091B3C437800031FB9 /* Products */;
			projectDirPath = "";
			projectReferences = (
				{
					ProductGroup = 10DC90941BC2E13000811234 /* Products */;
					ProjectRef = 10DC90931BC2E13000811234 /* HarborHelper.xcodeproj */;
				},
			);
			projectRoot = "";
			targets = (
				D0772F071B3C437800031FB9 /* Harbor */,
				D0772F191B3C437800031FB9 /* HarborTests */,
			);
		};
/* End PBXProject section */

/* Begin PBXReferenceProxy section */
		10DC90981BC2E13000811234 /* HarborHelper.app */ = {
			isa = PBXReferenceProxy;
			fileType = wrapper.application;
			path = HarborHelper.app;
			remoteRef = 10DC90971BC2E13000811234 /* PBXContainerItemProxy */;
			sourceTree = BUILT_PRODUCTS_DIR;
		};
/* End PBXReferenceProxy section */

/* Begin PBXResourcesBuildPhase section */
		D0772F061B3C437800031FB9 /* Resources */ = {
			isa = PBXResourcesBuildPhase;
			buildActionMask = 2147483647;
			files = (
				D0E3C0C51B9F45FC00D1966C /* PreferencesPaneWindowController.xib in Resources */,
				4C86D9FC1CE50142008E91E4 /* codeshipLogo_blue.png in Resources */,
				D0772F111B3C437800031FB9 /* Assets.xcassets in Resources */,
				D08EAB411B98D5EA009564CE /* BuildView.xib in Resources */,
				4C86D9FD1CE50142008E91E4 /* codeshipLogo_blue@2x.png in Resources */,
				D08EAB3B1B98A60A009564CE /* codeshipLogo_red.png in Resources */,
				D08EAB391B98A60A009564CE /* codeshipLogo_green.png in Resources */,
				721620151D401E4A00EE239C /* Credits.rtf in Resources */,
				D08EAB321B97531A009564CE /* MainMenu.xib in Resources */,
				D0B1777A1B9651BD0055ECC6 /* codeshipLogo_black@2x.png in Resources */,
				D0B177791B9651BD0055ECC6 /* codeshipLogo_black.png in Resources */,
				D08EAB3A1B98A60A009564CE /* codeshipLogo_green@2px.png in Resources */,
				D08EAB3C1B98A60A009564CE /* codeshipLogo_red@2px.png in Resources */,
			);
			runOnlyForDeploymentPostprocessing = 0;
		};
		D0772F181B3C437800031FB9 /* Resources */ = {
			isa = PBXResourcesBuildPhase;
			buildActionMask = 2147483647;
			files = (
				D0772F401B3C44C000031FB9 /* SamplePayload.json in Resources */,
				D0F5B19B1B4578D400D30EEF /* SampleBuild.json in Resources */,
				D0F5B1991B45786500D30EEF /* SampleProject.json in Resources */,
			);
			runOnlyForDeploymentPostprocessing = 0;
		};
/* End PBXResourcesBuildPhase section */

/* Begin PBXShellScriptBuildPhase section */
		151204C4C159CC2997B64C1B /* [CP] Embed Pods Frameworks */ = {
			isa = PBXShellScriptBuildPhase;
			buildActionMask = 2147483647;
			files = (
			);
			inputPaths = (
			);
			name = "[CP] Embed Pods Frameworks";
			outputPaths = (
			);
			runOnlyForDeploymentPostprocessing = 0;
			shellPath = /bin/sh;
			shellScript = "\"${SRCROOT}/Pods/Target Support Files/Pods-Harbor/Pods-Harbor-frameworks.sh\"\n";
			showEnvVarsInLog = 0;
		};
		4D6108BCB9DD434C1F0F72E0 /* [CP] Embed Pods Frameworks */ = {
			isa = PBXShellScriptBuildPhase;
			buildActionMask = 2147483647;
			files = (
			);
			inputPaths = (
			);
			name = "[CP] Embed Pods Frameworks";
			outputPaths = (
			);
			runOnlyForDeploymentPostprocessing = 0;
			shellPath = /bin/sh;
			shellScript = "\"${SRCROOT}/Pods/Target Support Files/Pods-Harbor-HarborTests/Pods-Harbor-HarborTests-frameworks.sh\"\n";
			showEnvVarsInLog = 0;
		};
		74748A0262D4DB5BB92BFA43 /* [CP] Check Pods Manifest.lock */ = {
			isa = PBXShellScriptBuildPhase;
			buildActionMask = 2147483647;
			files = (
			);
			inputPaths = (
			);
			name = "[CP] Check Pods Manifest.lock";
			outputPaths = (
			);
			runOnlyForDeploymentPostprocessing = 0;
			shellPath = /bin/sh;
			shellScript = "diff \"${PODS_ROOT}/../Podfile.lock\" \"${PODS_ROOT}/Manifest.lock\" > /dev/null\nif [[ $? != 0 ]] ; then\n    cat << EOM\nerror: The sandbox is not in sync with the Podfile.lock. Run 'pod install' or update your CocoaPods installation.\nEOM\n    exit 1\nfi\n";
			showEnvVarsInLog = 0;
		};
		A870D6751F5FCECE247C0B90 /* [CP] Copy Pods Resources */ = {
			isa = PBXShellScriptBuildPhase;
			buildActionMask = 2147483647;
			files = (
			);
			inputPaths = (
			);
			name = "[CP] Copy Pods Resources";
			outputPaths = (
			);
			runOnlyForDeploymentPostprocessing = 0;
			shellPath = /bin/sh;
			shellScript = "\"${SRCROOT}/Pods/Target Support Files/Pods-Harbor/Pods-Harbor-resources.sh\"\n";
			showEnvVarsInLog = 0;
		};
		B384A84D6DFD9BC94E8D5E31 /* [CP] Copy Pods Resources */ = {
			isa = PBXShellScriptBuildPhase;
			buildActionMask = 2147483647;
			files = (
			);
			inputPaths = (
			);
			name = "[CP] Copy Pods Resources";
			outputPaths = (
			);
			runOnlyForDeploymentPostprocessing = 0;
			shellPath = /bin/sh;
			shellScript = "\"${SRCROOT}/Pods/Target Support Files/Pods-Harbor-HarborTests/Pods-Harbor-HarborTests-resources.sh\"\n";
			showEnvVarsInLog = 0;
		};
		C74A075B257374DF83F3EEA0 /* [CP] Check Pods Manifest.lock */ = {
			isa = PBXShellScriptBuildPhase;
			buildActionMask = 2147483647;
			files = (
			);
			inputPaths = (
			);
			name = "[CP] Check Pods Manifest.lock";
			outputPaths = (
			);
			runOnlyForDeploymentPostprocessing = 0;
			shellPath = /bin/sh;
			shellScript = "diff \"${PODS_ROOT}/../Podfile.lock\" \"${PODS_ROOT}/Manifest.lock\" > /dev/null\nif [[ $? != 0 ]] ; then\n    cat << EOM\nerror: The sandbox is not in sync with the Podfile.lock. Run 'pod install' or update your CocoaPods installation.\nEOM\n    exit 1\nfi\n";
			showEnvVarsInLog = 0;
		};
/* End PBXShellScriptBuildPhase section */

/* Begin PBXSourcesBuildPhase section */
		D0772F041B3C437800031FB9 /* Sources */ = {
			isa = PBXSourcesBuildPhase;
			buildActionMask = 2147483647;
			files = (
				D0772F0C1B3C437800031FB9 /* AppDelegate.swift in Sources */,
				10DC90641BBEE17A00811234 /* Presenter.swift in Sources */,
				3123E2C31D3699B6009303A9 /* TimerCoordinatorType.swift in Sources */,
				D08EAB3E1B98D5C8009564CE /* BuildView.swift in Sources */,
				D0C002C11BB3472B006A058C /* TextField.swift in Sources */,
				D0E3C0C41B9F45FC00D1966C /* PreferencesPaneWindowController.swift in Sources */,
				3123E2C61D369CD5009303A9 /* ProjectsInteractor.swift in Sources */,
				10FA20031C93272B00A642A7 /* ServiceModule.swift in Sources */,
				10DC90781BBF1CB700811234 /* BuildViewModel.swift in Sources */,
				10DC90721BBF16C900811234 /* ProjectMenuItemModel.swift in Sources */,
				10FA20111C97770600A642A7 /* Environment.swift in Sources */,
				10DC906A1BBF088800811234 /* ProjectMenuItem.swift in Sources */,
				D01093BF1BB5D932002D5794 /* NotificationCenter.swift in Sources */,
				D0C002CB1BB49445006A058C /* ProjectsProvider.swift in Sources */,
				D0E3C0C91B9F8F2C00D1966C /* KeychainWrapper.swift in Sources */,
				10FA200B1C932A0800A642A7 /* PreferencesViewModule.swift in Sources */,
				10FA200D1C932A2400A642A7 /* StatusMenuViewModule.swift in Sources */,
				10FA20091C93297B00A642A7 /* ViewComponent.swift in Sources */,
				10DC90611BBEE13700811234 /* StatusMenuView.swift in Sources */,
				D06054251B57F880007A5F81 /* Playground.swift in Sources */,
				D0772F0F1B3C437800031FB9 /* Harbor.xcdatamodeld in Sources */,
				D0C002C31BB35114006A058C /* PreferencesPresenter.swift in Sources */,
				D0C002C51BB35136006A058C /* PreferencesView.swift in Sources */,
				3123E2BF1D3693AF009303A9 /* SettingsType.swift in Sources */,
				10DC90741BBF198900811234 /* Collections.swift in Sources */,
				10FA200F1C933E1B00A642A7 /* Application.swift in Sources */,
				10FA20011C9326D600A642A7 /* InteractorModule.swift in Sources */,
				10FA20051C93274500A642A7 /* SystemModule.swift in Sources */,
				D0C002CE1BB4A3E2006A058C /* CodeshipApi.swift in Sources */,
				10DC905F1BBEE12F00811234 /* StatusMenuPresenter.swift in Sources */,
				10DC90661BBEE47C00811234 /* ViewType.swift in Sources */,
				D0458F521BB9C8AD00DCC4A6 /* RunLoop.swift in Sources */,
				D0B156FF1B9A361B00A8D95A /* StatusMenu.swift in Sources */,
				D0C002C91BB49334006A058C /* TimerCoordinator.swift in Sources */,
				D0C002C71BB48801006A058C /* Settings.swift in Sources */,
				D01093C11BB5D93D002D5794 /* UserDefaults.swift in Sources */,
				10FA1FF81C9237D800A642A7 /* AppComponent.swift in Sources */,
				D0F5B19D1B45821200D30EEF /* Build.swift in Sources */,
				31CEEC161D3826BD0023A5AC /* NSButton.swift in Sources */,
				D0772F3A1B3C43B200031FB9 /* Project.swift in Sources */,
			);
			runOnlyForDeploymentPostprocessing = 0;
		};
		D0772F161B3C437800031FB9 /* Sources */ = {
			isa = PBXSourcesBuildPhase;
			buildActionMask = 2147483647;
			files = (
				D0B1E16E1BB9EA4C009D0151 /* MockCodeshipApi.swift in Sources */,
				D0458F4E1BB9B83000DCC4A6 /* MockNotificationCenter.swift in Sources */,
				31121DF81D359B3E00525EA2 /* MockSettings.swift in Sources */,
				108689C91BC826C400B2DD87 /* Verifiable.swift in Sources */,
				108689C61BC8227D00B2DD87 /* VerifierOf.swift in Sources */,
				D0458F501BB9C7B800DCC4A6 /* TimerCoordinatorSpec.swift in Sources */,
				D0704EAC1BBB1584005C808B /* MockProjectsProvider.swift in Sources */,
				10DC90541BBDD31C00811234 /* HarborSpec.swift in Sources */,
				D01093C71BB5F05E002D5794 /* Invocation.swift in Sources */,
				D01093C41BB5DB33002D5794 /* MockUserDefaults.swift in Sources */,
				108689CB1BC841BE00B2DD87 /* InvocationMatchers.swift in Sources */,
				D0704EAE1BBB1851005C808B /* None.swift in Sources */,
				3123E2C81D369DD9009303A9 /* MockTimerCoordinator.swift in Sources */,
				D0704EAA1BBB1418005C808B /* MockPreferencesView.swift in Sources */,
				D0458F561BB9CFCB00DCC4A6 /* MockRunLoop.swift in Sources */,
				D01093BC1BB5B3D7002D5794 /* SettingsSpec.swift in Sources */,
				D0704EA81BBB117C005C808B /* PreferencesPresenterSpec.swift in Sources */,
				D0B1E16C1BB9E74D009D0151 /* ProjectsProviderSpec.swift in Sources */,
				D0AB5CE51BB9A31100F57790 /* MockKeychain.swift in Sources */,
				10DC90561BBDDABF00811234 /* Example.swift in Sources */,
			);
			runOnlyForDeploymentPostprocessing = 0;
		};
/* End PBXSourcesBuildPhase section */

/* Begin PBXTargetDependency section */
		D0772F1C1B3C437800031FB9 /* PBXTargetDependency */ = {
			isa = PBXTargetDependency;
			target = D0772F071B3C437800031FB9 /* Harbor */;
			targetProxy = D0772F1B1B3C437800031FB9 /* PBXContainerItemProxy */;
		};
/* End PBXTargetDependency section */

/* Begin XCBuildConfiguration section */
		10FA20181C97834C00A642A7 /* Test */ = {
			isa = XCBuildConfiguration;
			buildSettings = {
				ALWAYS_SEARCH_USER_PATHS = NO;
				CLANG_CXX_LANGUAGE_STANDARD = "gnu++0x";
				CLANG_CXX_LIBRARY = "libc++";
				CLANG_ENABLE_MODULES = YES;
				CLANG_ENABLE_OBJC_ARC = YES;
				CLANG_WARN_BOOL_CONVERSION = YES;
				CLANG_WARN_CONSTANT_CONVERSION = YES;
				CLANG_WARN_DIRECT_OBJC_ISA_USAGE = YES_ERROR;
				CLANG_WARN_EMPTY_BODY = YES;
				CLANG_WARN_ENUM_CONVERSION = YES;
				CLANG_WARN_INT_CONVERSION = YES;
				CLANG_WARN_OBJC_ROOT_CLASS = YES_ERROR;
				CLANG_WARN_UNREACHABLE_CODE = YES;
				CLANG_WARN__DUPLICATE_METHOD_MATCH = YES;
				CODE_SIGN_IDENTITY = "-";
				COPY_PHASE_STRIP = NO;
				DEBUG_INFORMATION_FORMAT = dwarf;
				ENABLE_STRICT_OBJC_MSGSEND = YES;
				ENABLE_TESTABILITY = YES;
				GCC_C_LANGUAGE_STANDARD = gnu99;
				GCC_DYNAMIC_NO_PIC = NO;
				GCC_NO_COMMON_BLOCKS = YES;
				GCC_OPTIMIZATION_LEVEL = 0;
				GCC_PREPROCESSOR_DEFINITIONS = (
					"TESTING=1",
					"DEBUG=1",
					"$(inherited)",
				);
				GCC_WARN_64_TO_32_BIT_CONVERSION = YES;
				GCC_WARN_ABOUT_RETURN_TYPE = YES_ERROR;
				GCC_WARN_UNDECLARED_SELECTOR = YES;
				GCC_WARN_UNINITIALIZED_AUTOS = YES_AGGRESSIVE;
				GCC_WARN_UNUSED_FUNCTION = YES;
				GCC_WARN_UNUSED_VARIABLE = YES;
				MACOSX_DEPLOYMENT_TARGET = 10.10;
				MTL_ENABLE_DEBUG_INFO = YES;
				ONLY_ACTIVE_ARCH = YES;
				OTHER_SWIFT_FLAGS = "-DTEST -DDEBUG";
				SDKROOT = macosx;
				SWIFT_OPTIMIZATION_LEVEL = "-Onone";
			};
			name = Test;
		};
		10FA20191C97834C00A642A7 /* Test */ = {
			isa = XCBuildConfiguration;
			baseConfigurationReference = C0CEA4AAFB6873D19A822129 /* Pods-Harbor.test.xcconfig */;
			buildSettings = {
				ASSETCATALOG_COMPILER_APPICON_NAME = AppIcon;
				CODE_SIGN_ENTITLEMENTS = Harbor/Harbor.entitlements;
				CODE_SIGN_IDENTITY = "Developer ID Application";
				COMBINE_HIDPI_IMAGES = YES;
				FRAMEWORK_SEARCH_PATHS = "$(inherited)";
				INFOPLIST_FILE = Harbor/Info.plist;
				LD_RUNPATH_SEARCH_PATHS = "$(inherited)";
				MACOSX_DEPLOYMENT_TARGET = 10.10;
				PRODUCT_BUNDLE_IDENTIFIER = com.dvm.Harbor;
				PRODUCT_NAME = "$(TARGET_NAME)";
				SKIP_INSTALL = NO;
				SWIFT_VERSION = 3.0;
			};
			name = Test;
		};
		10FA201A1C97834C00A642A7 /* Test */ = {
			isa = XCBuildConfiguration;
			baseConfigurationReference = 39CFCBB97ED57DD01D949C73 /* Pods-Harbor-HarborTests.test.xcconfig */;
			buildSettings = {
				BUNDLE_LOADER = "$(TEST_HOST)";
				COMBINE_HIDPI_IMAGES = YES;
				INFOPLIST_FILE = HarborTests/Info.plist;
				LD_RUNPATH_SEARCH_PATHS = "$(inherited) @executable_path/../Frameworks @loader_path/../Frameworks";
				OTHER_SWIFT_FLAGS = "$(inherited) \"-D\" \"COCOAPODS\" -DTEST";
				PRODUCT_BUNDLE_IDENTIFIER = com.dvm.HarborTests;
				PRODUCT_NAME = "$(TARGET_NAME)";
				SWIFT_VERSION = 3.0;
				TEST_HOST = "$(BUILT_PRODUCTS_DIR)/Harbor.app/Contents/MacOS/Harbor";
			};
			name = Test;
		};
		D0772F2C1B3C437800031FB9 /* Debug */ = {
			isa = XCBuildConfiguration;
			buildSettings = {
				ALWAYS_SEARCH_USER_PATHS = NO;
				CLANG_CXX_LANGUAGE_STANDARD = "gnu++0x";
				CLANG_CXX_LIBRARY = "libc++";
				CLANG_ENABLE_MODULES = YES;
				CLANG_ENABLE_OBJC_ARC = YES;
				CLANG_WARN_BOOL_CONVERSION = YES;
				CLANG_WARN_CONSTANT_CONVERSION = YES;
				CLANG_WARN_DIRECT_OBJC_ISA_USAGE = YES_ERROR;
				CLANG_WARN_EMPTY_BODY = YES;
				CLANG_WARN_ENUM_CONVERSION = YES;
				CLANG_WARN_INT_CONVERSION = YES;
				CLANG_WARN_OBJC_ROOT_CLASS = YES_ERROR;
				CLANG_WARN_UNREACHABLE_CODE = YES;
				CLANG_WARN__DUPLICATE_METHOD_MATCH = YES;
				CODE_SIGN_IDENTITY = "-";
				COPY_PHASE_STRIP = NO;
				DEBUG_INFORMATION_FORMAT = dwarf;
				ENABLE_STRICT_OBJC_MSGSEND = YES;
				ENABLE_TESTABILITY = YES;
				GCC_C_LANGUAGE_STANDARD = gnu99;
				GCC_DYNAMIC_NO_PIC = NO;
				GCC_NO_COMMON_BLOCKS = YES;
				GCC_OPTIMIZATION_LEVEL = 0;
				GCC_PREPROCESSOR_DEFINITIONS = (
					"TESTING=1",
					"DEBUG=1",
					"$(inherited)",
				);
				GCC_WARN_64_TO_32_BIT_CONVERSION = YES;
				GCC_WARN_ABOUT_RETURN_TYPE = YES_ERROR;
				GCC_WARN_UNDECLARED_SELECTOR = YES;
				GCC_WARN_UNINITIALIZED_AUTOS = YES_AGGRESSIVE;
				GCC_WARN_UNUSED_FUNCTION = YES;
				GCC_WARN_UNUSED_VARIABLE = YES;
				MACOSX_DEPLOYMENT_TARGET = 10.10;
				MTL_ENABLE_DEBUG_INFO = YES;
				ONLY_ACTIVE_ARCH = YES;
				OTHER_SWIFT_FLAGS = "-DDEBUG";
				SDKROOT = macosx;
				SWIFT_OPTIMIZATION_LEVEL = "-Onone";
			};
			name = Debug;
		};
		D0772F2D1B3C437800031FB9 /* Release */ = {
			isa = XCBuildConfiguration;
			buildSettings = {
				ALWAYS_SEARCH_USER_PATHS = NO;
				CLANG_CXX_LANGUAGE_STANDARD = "gnu++0x";
				CLANG_CXX_LIBRARY = "libc++";
				CLANG_ENABLE_MODULES = YES;
				CLANG_ENABLE_OBJC_ARC = YES;
				CLANG_WARN_BOOL_CONVERSION = YES;
				CLANG_WARN_CONSTANT_CONVERSION = YES;
				CLANG_WARN_DIRECT_OBJC_ISA_USAGE = YES_ERROR;
				CLANG_WARN_EMPTY_BODY = YES;
				CLANG_WARN_ENUM_CONVERSION = YES;
				CLANG_WARN_INT_CONVERSION = YES;
				CLANG_WARN_OBJC_ROOT_CLASS = YES_ERROR;
				CLANG_WARN_UNREACHABLE_CODE = YES;
				CLANG_WARN__DUPLICATE_METHOD_MATCH = YES;
				CODE_SIGN_IDENTITY = "-";
				COPY_PHASE_STRIP = NO;
				DEBUG_INFORMATION_FORMAT = "dwarf-with-dsym";
				ENABLE_NS_ASSERTIONS = NO;
				ENABLE_STRICT_OBJC_MSGSEND = YES;
				GCC_C_LANGUAGE_STANDARD = gnu99;
				GCC_NO_COMMON_BLOCKS = YES;
				GCC_WARN_64_TO_32_BIT_CONVERSION = YES;
				GCC_WARN_ABOUT_RETURN_TYPE = YES_ERROR;
				GCC_WARN_UNDECLARED_SELECTOR = YES;
				GCC_WARN_UNINITIALIZED_AUTOS = YES_AGGRESSIVE;
				GCC_WARN_UNUSED_FUNCTION = YES;
				GCC_WARN_UNUSED_VARIABLE = YES;
				MACOSX_DEPLOYMENT_TARGET = 10.10;
				MTL_ENABLE_DEBUG_INFO = NO;
				OTHER_SWIFT_FLAGS = "";
				SDKROOT = macosx;
			};
			name = Release;
		};
		D0772F2F1B3C437800031FB9 /* Debug */ = {
			isa = XCBuildConfiguration;
			baseConfigurationReference = 5D9CECB5F6F368D2C4628413 /* Pods-Harbor.debug.xcconfig */;
			buildSettings = {
				ASSETCATALOG_COMPILER_APPICON_NAME = AppIcon;
				CODE_SIGN_ENTITLEMENTS = Harbor/Harbor.entitlements;
				CODE_SIGN_IDENTITY = "Developer ID Application";
				COMBINE_HIDPI_IMAGES = YES;
				FRAMEWORK_SEARCH_PATHS = "$(inherited)";
				INFOPLIST_FILE = Harbor/Info.plist;
				LD_RUNPATH_SEARCH_PATHS = "$(inherited)";
				MACOSX_DEPLOYMENT_TARGET = 10.10;
				PRODUCT_BUNDLE_IDENTIFIER = com.dvm.Harbor;
				PRODUCT_NAME = "$(TARGET_NAME)";
				SKIP_INSTALL = NO;
				SWIFT_VERSION = 3.0;
			};
			name = Debug;
		};
		D0772F301B3C437800031FB9 /* Release */ = {
			isa = XCBuildConfiguration;
			baseConfigurationReference = 9F06F0036A0C8CA9A3D11BA6 /* Pods-Harbor.release.xcconfig */;
			buildSettings = {
				ASSETCATALOG_COMPILER_APPICON_NAME = AppIcon;
				CODE_SIGN_ENTITLEMENTS = Harbor/Harbor.entitlements;
				CODE_SIGN_IDENTITY = "Developer ID Application";
				COMBINE_HIDPI_IMAGES = YES;
				FRAMEWORK_SEARCH_PATHS = "$(inherited)";
				INFOPLIST_FILE = Harbor/Info.plist;
				LD_RUNPATH_SEARCH_PATHS = "$(inherited)";
				MACOSX_DEPLOYMENT_TARGET = 10.10;
				PRODUCT_BUNDLE_IDENTIFIER = com.dvm.Harbor;
				PRODUCT_NAME = "$(TARGET_NAME)";
				SKIP_INSTALL = NO;
				SWIFT_VERSION = 3.0;
			};
			name = Release;
		};
		D0772F321B3C437800031FB9 /* Debug */ = {
			isa = XCBuildConfiguration;
			baseConfigurationReference = D263D9B112452CA339017421 /* Pods-Harbor-HarborTests.debug.xcconfig */;
			buildSettings = {
				BUNDLE_LOADER = "$(TEST_HOST)";
				COMBINE_HIDPI_IMAGES = YES;
				INFOPLIST_FILE = HarborTests/Info.plist;
				LD_RUNPATH_SEARCH_PATHS = "$(inherited) @executable_path/../Frameworks @loader_path/../Frameworks";
				OTHER_SWIFT_FLAGS = "$(inherited) \"-D\" \"COCOAPODS\" -DTEST";
				PRODUCT_BUNDLE_IDENTIFIER = com.dvm.HarborTests;
				PRODUCT_NAME = "$(TARGET_NAME)";
				SWIFT_VERSION = 3.0;
				TEST_HOST = "$(BUILT_PRODUCTS_DIR)/Harbor.app/Contents/MacOS/Harbor";
			};
			name = Debug;
		};
		D0772F331B3C437800031FB9 /* Release */ = {
			isa = XCBuildConfiguration;
			baseConfigurationReference = 6A44CEAA7EBDF79EBEA74B01 /* Pods-Harbor-HarborTests.release.xcconfig */;
			buildSettings = {
				BUNDLE_LOADER = "$(TEST_HOST)";
				COMBINE_HIDPI_IMAGES = YES;
				INFOPLIST_FILE = HarborTests/Info.plist;
				LD_RUNPATH_SEARCH_PATHS = "$(inherited) @executable_path/../Frameworks @loader_path/../Frameworks";
				OTHER_SWIFT_FLAGS = "$(inherited) \"-D\" \"COCOAPODS\" -DTEST";
				PRODUCT_BUNDLE_IDENTIFIER = com.dvm.HarborTests;
				PRODUCT_NAME = "$(TARGET_NAME)";
				SWIFT_VERSION = 3.0;
				TEST_HOST = "$(BUILT_PRODUCTS_DIR)/Harbor.app/Contents/MacOS/Harbor";
			};
			name = Release;
		};
/* End XCBuildConfiguration section */

/* Begin XCConfigurationList section */
		D0772F031B3C437800031FB9 /* Build configuration list for PBXProject "Harbor" */ = {
			isa = XCConfigurationList;
			buildConfigurations = (
				D0772F2C1B3C437800031FB9 /* Debug */,
				10FA20181C97834C00A642A7 /* Test */,
				D0772F2D1B3C437800031FB9 /* Release */,
			);
			defaultConfigurationIsVisible = 0;
			defaultConfigurationName = Release;
		};
		D0772F2E1B3C437800031FB9 /* Build configuration list for PBXNativeTarget "Harbor" */ = {
			isa = XCConfigurationList;
			buildConfigurations = (
				D0772F2F1B3C437800031FB9 /* Debug */,
				10FA20191C97834C00A642A7 /* Test */,
				D0772F301B3C437800031FB9 /* Release */,
			);
			defaultConfigurationIsVisible = 0;
			defaultConfigurationName = Release;
		};
		D0772F311B3C437800031FB9 /* Build configuration list for PBXNativeTarget "HarborTests" */ = {
			isa = XCConfigurationList;
			buildConfigurations = (
				D0772F321B3C437800031FB9 /* Debug */,
				10FA201A1C97834C00A642A7 /* Test */,
				D0772F331B3C437800031FB9 /* Release */,
			);
			defaultConfigurationIsVisible = 0;
			defaultConfigurationName = Release;
		};
/* End XCConfigurationList section */

/* Begin XCVersionGroup section */
		D0772F0D1B3C437800031FB9 /* Harbor.xcdatamodeld */ = {
			isa = XCVersionGroup;
			children = (
				D0772F0E1B3C437800031FB9 /* Harbor.xcdatamodel */,
			);
			currentVersion = D0772F0E1B3C437800031FB9 /* Harbor.xcdatamodel */;
			path = Harbor.xcdatamodeld;
			sourceTree = "<group>";
			versionGroupType = wrapper.xcdatamodel;
		};
/* End XCVersionGroup section */
	};
	rootObject = D0772F001B3C437800031FB9 /* Project object */;
}
