// !$*UTF8*$!
{
	archiveVersion = 1;
	classes = {
	};
	objectVersion = 46;
	objects = {

/* Begin PBXBuildFile section */
		D048E4EE199E5EE6002ECCBE /* codeshipLogo_black.png in Resources */ = {isa = PBXBuildFile; fileRef = D048E4EC199E5EE6002ECCBE /* codeshipLogo_black.png */; };
		D048E4EF199E5EE6002ECCBE /* codeshipLogo_black@2x.png in Resources */ = {isa = PBXBuildFile; fileRef = D048E4ED199E5EE6002ECCBE /* codeshipLogo_black@2x.png */; };
		D091C55A1993EDC000123B85 /* main.swift in Sources */ = {isa = PBXBuildFile; fileRef = D091C5591993EDC000123B85 /* main.swift */; };
		D091C55C1993EDC000123B85 /* AppDelegate.swift in Sources */ = {isa = PBXBuildFile; fileRef = D091C55B1993EDC000123B85 /* AppDelegate.swift */; };
		D091C55F1993EDC000123B85 /* Harbor.xcdatamodeld in Sources */ = {isa = PBXBuildFile; fileRef = D091C55D1993EDC000123B85 /* Harbor.xcdatamodeld */; };
		D091C5611993EDC000123B85 /* Images.xcassets in Resources */ = {isa = PBXBuildFile; fileRef = D091C5601993EDC000123B85 /* Images.xcassets */; };
		D091C5641993EDC000123B85 /* MainMenu.xib in Resources */ = {isa = PBXBuildFile; fileRef = D091C5621993EDC000123B85 /* MainMenu.xib */; };
		D0ABFB27199D6C73009E3CC8 /* Alamofire.swift in Sources */ = {isa = PBXBuildFile; fileRef = D0ABFB26199D6C73009E3CC8 /* Alamofire.swift */; };
		D0ABFB28199D6C73009E3CC8 /* Alamofire.swift in Sources */ = {isa = PBXBuildFile; fileRef = D0ABFB26199D6C73009E3CC8 /* Alamofire.swift */; };
		D0B48C71199C0C8700FFF355 /* Build.swift in Sources */ = {isa = PBXBuildFile; fileRef = D0B48C70199C0C8700FFF355 /* Build.swift */; };
		D0B48C72199C0C8700FFF355 /* Build.swift in Sources */ = {isa = PBXBuildFile; fileRef = D0B48C70199C0C8700FFF355 /* Build.swift */; };
		D0B48C74199C0EE400FFF355 /* BuildTests.swift in Sources */ = {isa = PBXBuildFile; fileRef = D0B48C73199C0EE400FFF355 /* BuildTests.swift */; };
		D0B48C76199C1F1A00FFF355 /* Account.swift in Sources */ = {isa = PBXBuildFile; fileRef = D0B48C75199C1F1A00FFF355 /* Account.swift */; };
		D0B48C77199C1F1A00FFF355 /* Account.swift in Sources */ = {isa = PBXBuildFile; fileRef = D0B48C75199C1F1A00FFF355 /* Account.swift */; };
		D0B48C7B199C202400FFF355 /* AccountTests.swift in Sources */ = {isa = PBXBuildFile; fileRef = D0B48C7A199C202400FFF355 /* AccountTests.swift */; };
		D0B48C7D199D477400FFF355 /* AccountCreationTests.swift in Sources */ = {isa = PBXBuildFile; fileRef = D0B48C7C199D477400FFF355 /* AccountCreationTests.swift */; };
		D0DC0365199BBD1700D45421 /* ProjectTests.swift in Sources */ = {isa = PBXBuildFile; fileRef = D0DC0364199BBD1700D45421 /* ProjectTests.swift */; };
		D0DC0367199BBF4F00D45421 /* Project.swift in Sources */ = {isa = PBXBuildFile; fileRef = D0DC0366199BBF4F00D45421 /* Project.swift */; };
		D0DC0368199BBF4F00D45421 /* Project.swift in Sources */ = {isa = PBXBuildFile; fileRef = D0DC0366199BBF4F00D45421 /* Project.swift */; };
		D0F05EB0199D5F7A00E08072 /* File.swift in Sources */ = {isa = PBXBuildFile; fileRef = D0F05EAF199D5F7A00E08072 /* File.swift */; };
/* End PBXBuildFile section */

/* Begin PBXContainerItemProxy section */
		D091C56A1993EDC000123B85 /* PBXContainerItemProxy */ = {
			isa = PBXContainerItemProxy;
			containerPortal = D091C54C1993EDC000123B85 /* Project object */;
			proxyType = 1;
			remoteGlobalIDString = D091C5531993EDC000123B85;
			remoteInfo = Harbor;
		};
/* End PBXContainerItemProxy section */

/* Begin PBXFileReference section */
		D048E4EC199E5EE6002ECCBE /* codeshipLogo_black.png */ = {isa = PBXFileReference; lastKnownFileType = image.png; path = codeshipLogo_black.png; sourceTree = "<group>"; };
		D048E4ED199E5EE6002ECCBE /* codeshipLogo_black@2x.png */ = {isa = PBXFileReference; lastKnownFileType = image.png; path = "codeshipLogo_black@2x.png"; sourceTree = "<group>"; };
		D091C5541993EDC000123B85 /* Harbor.app */ = {isa = PBXFileReference; explicitFileType = wrapper.application; includeInIndex = 0; path = Harbor.app; sourceTree = BUILT_PRODUCTS_DIR; };
		D091C5581993EDC000123B85 /* Info.plist */ = {isa = PBXFileReference; lastKnownFileType = text.plist.xml; path = Info.plist; sourceTree = "<group>"; };
		D091C5591993EDC000123B85 /* main.swift */ = {isa = PBXFileReference; lastKnownFileType = sourcecode.swift; path = main.swift; sourceTree = "<group>"; };
		D091C55B1993EDC000123B85 /* AppDelegate.swift */ = {isa = PBXFileReference; lastKnownFileType = sourcecode.swift; path = AppDelegate.swift; sourceTree = "<group>"; };
		D091C55E1993EDC000123B85 /* Harbor.xcdatamodel */ = {isa = PBXFileReference; lastKnownFileType = wrapper.xcdatamodel; path = Harbor.xcdatamodel; sourceTree = "<group>"; };
		D091C5601993EDC000123B85 /* Images.xcassets */ = {isa = PBXFileReference; lastKnownFileType = folder.assetcatalog; path = Images.xcassets; sourceTree = "<group>"; };
		D091C5631993EDC000123B85 /* Base */ = {isa = PBXFileReference; lastKnownFileType = file.xib; name = Base; path = Base.lproj/MainMenu.xib; sourceTree = "<group>"; };
		D091C5691993EDC000123B85 /* HarborTests.xctest */ = {isa = PBXFileReference; explicitFileType = wrapper.cfbundle; includeInIndex = 0; path = HarborTests.xctest; sourceTree = BUILT_PRODUCTS_DIR; };
		D091C56E1993EDC000123B85 /* Info.plist */ = {isa = PBXFileReference; lastKnownFileType = text.plist.xml; path = Info.plist; sourceTree = "<group>"; };
		D0ABFB26199D6C73009E3CC8 /* Alamofire.swift */ = {isa = PBXFileReference; fileEncoding = 4; lastKnownFileType = sourcecode.swift; path = Alamofire.swift; sourceTree = "<group>"; };
		D0B48C70199C0C8700FFF355 /* Build.swift */ = {isa = PBXFileReference; fileEncoding = 4; lastKnownFileType = sourcecode.swift; path = Build.swift; sourceTree = "<group>"; };
		D0B48C73199C0EE400FFF355 /* BuildTests.swift */ = {isa = PBXFileReference; fileEncoding = 4; lastKnownFileType = sourcecode.swift; path = BuildTests.swift; sourceTree = "<group>"; };
		D0B48C75199C1F1A00FFF355 /* Account.swift */ = {isa = PBXFileReference; fileEncoding = 4; lastKnownFileType = sourcecode.swift; path = Account.swift; sourceTree = "<group>"; };
		D0B48C7A199C202400FFF355 /* AccountTests.swift */ = {isa = PBXFileReference; fileEncoding = 4; lastKnownFileType = sourcecode.swift; path = AccountTests.swift; sourceTree = "<group>"; };
		D0B48C7C199D477400FFF355 /* AccountCreationTests.swift */ = {isa = PBXFileReference; fileEncoding = 4; lastKnownFileType = sourcecode.swift; path = AccountCreationTests.swift; sourceTree = "<group>"; };
		D0DC0363199BBD1600D45421 /* HarborTests-Bridging-Header.h */ = {isa = PBXFileReference; lastKnownFileType = sourcecode.c.h; path = "HarborTests-Bridging-Header.h"; sourceTree = "<group>"; };
		D0DC0364199BBD1700D45421 /* ProjectTests.swift */ = {isa = PBXFileReference; fileEncoding = 4; lastKnownFileType = sourcecode.swift; path = ProjectTests.swift; sourceTree = "<group>"; };
		D0DC0366199BBF4F00D45421 /* Project.swift */ = {isa = PBXFileReference; fileEncoding = 4; lastKnownFileType = sourcecode.swift; path = Project.swift; sourceTree = "<group>"; };
		D0F05EAF199D5F7A00E08072 /* File.swift */ = {isa = PBXFileReference; fileEncoding = 4; lastKnownFileType = sourcecode.swift; path = File.swift; sourceTree = "<group>"; };
/* End PBXFileReference section */

/* Begin PBXFrameworksBuildPhase section */
		D091C5511993EDC000123B85 /* Frameworks */ = {
			isa = PBXFrameworksBuildPhase;
			buildActionMask = 2147483647;
			files = (
			);
			runOnlyForDeploymentPostprocessing = 0;
		};
		D091C5661993EDC000123B85 /* Frameworks */ = {
			isa = PBXFrameworksBuildPhase;
			buildActionMask = 2147483647;
			files = (
			);
			runOnlyForDeploymentPostprocessing = 0;
		};
/* End PBXFrameworksBuildPhase section */

/* Begin PBXGroup section */
		D091C54B1993EDC000123B85 = {
			isa = PBXGroup;
			children = (
				D0F05EAF199D5F7A00E08072 /* File.swift */,
				D091C5561993EDC000123B85 /* Harbor */,
				D091C56C1993EDC000123B85 /* HarborTests */,
				D091C5551993EDC000123B85 /* Products */,
			);
			sourceTree = "<group>";
		};
		D091C5551993EDC000123B85 /* Products */ = {
			isa = PBXGroup;
			children = (
				D091C5541993EDC000123B85 /* Harbor.app */,
				D091C5691993EDC000123B85 /* HarborTests.xctest */,
			);
			name = Products;
			sourceTree = "<group>";
		};
		D091C5561993EDC000123B85 /* Harbor */ = {
			isa = PBXGroup;
			children = (
				D091C5621993EDC000123B85 /* MainMenu.xib */,
				D091C55B1993EDC000123B85 /* AppDelegate.swift */,
				D0ABFB26199D6C73009E3CC8 /* Alamofire.swift */,
				D0B48C81199D479E00FFF355 /* Models */,
				D091C5601993EDC000123B85 /* Images.xcassets */,
				D091C55D1993EDC000123B85 /* Harbor.xcdatamodeld */,
				D091C5571993EDC000123B85 /* Supporting Files */,
			);
			path = Harbor;
			sourceTree = "<group>";
		};
		D091C5571993EDC000123B85 /* Supporting Files */ = {
			isa = PBXGroup;
			children = (
				D091C5581993EDC000123B85 /* Info.plist */,
				D048E4EC199E5EE6002ECCBE /* codeshipLogo_black.png */,
				D048E4ED199E5EE6002ECCBE /* codeshipLogo_black@2x.png */,
				D091C5591993EDC000123B85 /* main.swift */,
			);
			name = "Supporting Files";
			sourceTree = "<group>";
		};
		D091C56C1993EDC000123B85 /* HarborTests */ = {
			isa = PBXGroup;
			children = (
				D0B48C7C199D477400FFF355 /* AccountCreationTests.swift */,
				D091C56D1993EDC000123B85 /* Supporting Files */,
				D0B48C7A199C202400FFF355 /* AccountTests.swift */,
				D0DC0364199BBD1700D45421 /* ProjectTests.swift */,
				D0B48C73199C0EE400FFF355 /* BuildTests.swift */,
				D0DC0363199BBD1600D45421 /* HarborTests-Bridging-Header.h */,
			);
			path = HarborTests;
			sourceTree = "<group>";
		};
		D091C56D1993EDC000123B85 /* Supporting Files */ = {
			isa = PBXGroup;
			children = (
				D091C56E1993EDC000123B85 /* Info.plist */,
			);
			name = "Supporting Files";
			sourceTree = "<group>";
		};
		D0B48C81199D479E00FFF355 /* Models */ = {
			isa = PBXGroup;
			children = (
				D0B48C75199C1F1A00FFF355 /* Account.swift */,
				D0DC0366199BBF4F00D45421 /* Project.swift */,
				D0B48C70199C0C8700FFF355 /* Build.swift */,
			);
			name = Models;
			sourceTree = "<group>";
		};
/* End PBXGroup section */

/* Begin PBXNativeTarget section */
		D091C5531993EDC000123B85 /* Harbor */ = {
			isa = PBXNativeTarget;
			buildConfigurationList = D091C5731993EDC000123B85 /* Build configuration list for PBXNativeTarget "Harbor" */;
			buildPhases = (
				D091C5501993EDC000123B85 /* Sources */,
				D091C5511993EDC000123B85 /* Frameworks */,
				D091C5521993EDC000123B85 /* Resources */,
			);
			buildRules = (
			);
			dependencies = (
			);
			name = Harbor;
			productName = Harbor;
			productReference = D091C5541993EDC000123B85 /* Harbor.app */;
			productType = "com.apple.product-type.application";
		};
		D091C5681993EDC000123B85 /* HarborTests */ = {
			isa = PBXNativeTarget;
			buildConfigurationList = D091C5761993EDC000123B85 /* Build configuration list for PBXNativeTarget "HarborTests" */;
			buildPhases = (
				D091C5651993EDC000123B85 /* Sources */,
				D091C5661993EDC000123B85 /* Frameworks */,
				D091C5671993EDC000123B85 /* Resources */,
			);
			buildRules = (
			);
			dependencies = (
				D091C56B1993EDC000123B85 /* PBXTargetDependency */,
			);
			name = HarborTests;
			productName = HarborTests;
			productReference = D091C5691993EDC000123B85 /* HarborTests.xctest */;
			productType = "com.apple.product-type.bundle.unit-test";
		};
/* End PBXNativeTarget section */

/* Begin PBXProject section */
		D091C54C1993EDC000123B85 /* Project object */ = {
			isa = PBXProject;
			attributes = {
				LastUpgradeCheck = 0600;
				ORGANIZATIONNAME = devMynd;
				TargetAttributes = {
					D091C5531993EDC000123B85 = {
						CreatedOnToolsVersion = 6.0;
					};
					D091C5681993EDC000123B85 = {
						CreatedOnToolsVersion = 6.0;
						TestTargetID = D091C5531993EDC000123B85;
					};
				};
			};
			buildConfigurationList = D091C54F1993EDC000123B85 /* Build configuration list for PBXProject "Harbor" */;
			compatibilityVersion = "Xcode 3.2";
			developmentRegion = English;
			hasScannedForEncodings = 0;
			knownRegions = (
				en,
				Base,
			);
			mainGroup = D091C54B1993EDC000123B85;
			productRefGroup = D091C5551993EDC000123B85 /* Products */;
			projectDirPath = "";
			projectRoot = "";
			targets = (
				D091C5531993EDC000123B85 /* Harbor */,
				D091C5681993EDC000123B85 /* HarborTests */,
			);
		};
/* End PBXProject section */

/* Begin PBXResourcesBuildPhase section */
		D091C5521993EDC000123B85 /* Resources */ = {
			isa = PBXResourcesBuildPhase;
			buildActionMask = 2147483647;
			files = (
				D091C5611993EDC000123B85 /* Images.xcassets in Resources */,
				D048E4EE199E5EE6002ECCBE /* codeshipLogo_black.png in Resources */,
				D048E4EF199E5EE6002ECCBE /* codeshipLogo_black@2x.png in Resources */,
				D091C5641993EDC000123B85 /* MainMenu.xib in Resources */,
			);
			runOnlyForDeploymentPostprocessing = 0;
		};
		D091C5671993EDC000123B85 /* Resources */ = {
			isa = PBXResourcesBuildPhase;
			buildActionMask = 2147483647;
			files = (
			);
			runOnlyForDeploymentPostprocessing = 0;
		};
/* End PBXResourcesBuildPhase section */

/* Begin PBXSourcesBuildPhase section */
		D091C5501993EDC000123B85 /* Sources */ = {
			isa = PBXSourcesBuildPhase;
			buildActionMask = 2147483647;
			files = (
				D091C55C1993EDC000123B85 /* AppDelegate.swift in Sources */,
				D091C55F1993EDC000123B85 /* Harbor.xcdatamodeld in Sources */,
				D0ABFB27199D6C73009E3CC8 /* Alamofire.swift in Sources */,
				D0F05EB0199D5F7A00E08072 /* File.swift in Sources */,
				D0B48C71199C0C8700FFF355 /* Build.swift in Sources */,
				D091C55A1993EDC000123B85 /* main.swift in Sources */,
				D0DC0367199BBF4F00D45421 /* Project.swift in Sources */,
				D0B48C76199C1F1A00FFF355 /* Account.swift in Sources */,
			);
			runOnlyForDeploymentPostprocessing = 0;
		};
		D091C5651993EDC000123B85 /* Sources */ = {
			isa = PBXSourcesBuildPhase;
			buildActionMask = 2147483647;
			files = (
				D0B48C77199C1F1A00FFF355 /* Account.swift in Sources */,
				D0B48C7B199C202400FFF355 /* AccountTests.swift in Sources */,
				D0ABFB28199D6C73009E3CC8 /* Alamofire.swift in Sources */,
				D0DC0365199BBD1700D45421 /* ProjectTests.swift in Sources */,
				D0B48C7D199D477400FFF355 /* AccountCreationTests.swift in Sources */,
				D0DC0368199BBF4F00D45421 /* Project.swift in Sources */,
				D0B48C74199C0EE400FFF355 /* BuildTests.swift in Sources */,
				D0B48C72199C0C8700FFF355 /* Build.swift in Sources */,
			);
			runOnlyForDeploymentPostprocessing = 0;
		};
/* End PBXSourcesBuildPhase section */

/* Begin PBXTargetDependency section */
		D091C56B1993EDC000123B85 /* PBXTargetDependency */ = {
			isa = PBXTargetDependency;
			target = D091C5531993EDC000123B85 /* Harbor */;
			targetProxy = D091C56A1993EDC000123B85 /* PBXContainerItemProxy */;
		};
/* End PBXTargetDependency section */

/* Begin PBXVariantGroup section */
		D091C5621993EDC000123B85 /* MainMenu.xib */ = {
			isa = PBXVariantGroup;
			children = (
				D091C5631993EDC000123B85 /* Base */,
			);
			name = MainMenu.xib;
			sourceTree = "<group>";
		};
/* End PBXVariantGroup section */

/* Begin XCBuildConfiguration section */
		D091C5711993EDC000123B85 /* Debug */ = {
			isa = XCBuildConfiguration;
			buildSettings = {
				ALWAYS_SEARCH_USER_PATHS = NO;
				CLANG_CXX_LANGUAGE_STANDARD = "gnu++0x";
				CLANG_CXX_LIBRARY = "libc++";
				CLANG_ENABLE_MODULES = YES;
				CLANG_ENABLE_OBJC_ARC = YES;
				CLANG_WARN_BOOL_CONVERSION = YES;
				CLANG_WARN_CONSTANT_CONVERSION = YES;
				CLANG_WARN_DIRECT_OBJC_ISA_USAGE = YES_ERROR;
				CLANG_WARN_EMPTY_BODY = YES;
				CLANG_WARN_ENUM_CONVERSION = YES;
				CLANG_WARN_INT_CONVERSION = YES;
				CLANG_WARN_OBJC_ROOT_CLASS = YES_ERROR;
				CLANG_WARN_UNREACHABLE_CODE = YES;
				CLANG_WARN__DUPLICATE_METHOD_MATCH = YES;
				CODE_SIGN_IDENTITY = "-";
				COPY_PHASE_STRIP = NO;
				ENABLE_STRICT_OBJC_MSGSEND = YES;
				GCC_C_LANGUAGE_STANDARD = gnu99;
				GCC_DYNAMIC_NO_PIC = NO;
				GCC_OPTIMIZATION_LEVEL = 0;
				GCC_PREPROCESSOR_DEFINITIONS = (
					"DEBUG=1",
					"$(inherited)",
				);
				GCC_SYMBOLS_PRIVATE_EXTERN = NO;
				GCC_WARN_64_TO_32_BIT_CONVERSION = YES;
				GCC_WARN_ABOUT_RETURN_TYPE = YES_ERROR;
				GCC_WARN_UNDECLARED_SELECTOR = YES;
				GCC_WARN_UNINITIALIZED_AUTOS = YES_AGGRESSIVE;
				GCC_WARN_UNUSED_FUNCTION = YES;
				GCC_WARN_UNUSED_VARIABLE = YES;
				MACOSX_DEPLOYMENT_TARGET = 10.9;
				METAL_ENABLE_DEBUG_INFO = YES;
				ONLY_ACTIVE_ARCH = YES;
				SDKROOT = macosx;
				SWIFT_OPTIMIZATION_LEVEL = "-Onone";
			};
			name = Debug;
		};
		D091C5721993EDC000123B85 /* Release */ = {
			isa = XCBuildConfiguration;
			buildSettings = {
				ALWAYS_SEARCH_USER_PATHS = NO;
				CLANG_CXX_LANGUAGE_STANDARD = "gnu++0x";
				CLANG_CXX_LIBRARY = "libc++";
				CLANG_ENABLE_MODULES = YES;
				CLANG_ENABLE_OBJC_ARC = YES;
				CLANG_WARN_BOOL_CONVERSION = YES;
				CLANG_WARN_CONSTANT_CONVERSION = YES;
				CLANG_WARN_DIRECT_OBJC_ISA_USAGE = YES_ERROR;
				CLANG_WARN_EMPTY_BODY = YES;
				CLANG_WARN_ENUM_CONVERSION = YES;
				CLANG_WARN_INT_CONVERSION = YES;
				CLANG_WARN_OBJC_ROOT_CLASS = YES_ERROR;
				CLANG_WARN_UNREACHABLE_CODE = YES;
				CLANG_WARN__DUPLICATE_METHOD_MATCH = YES;
				CODE_SIGN_IDENTITY = "-";
				COPY_PHASE_STRIP = YES;
				DEBUG_INFORMATION_FORMAT = "dwarf-with-dsym";
				ENABLE_NS_ASSERTIONS = NO;
				ENABLE_STRICT_OBJC_MSGSEND = YES;
				GCC_C_LANGUAGE_STANDARD = gnu99;
				GCC_WARN_64_TO_32_BIT_CONVERSION = YES;
				GCC_WARN_ABOUT_RETURN_TYPE = YES_ERROR;
				GCC_WARN_UNDECLARED_SELECTOR = YES;
				GCC_WARN_UNINITIALIZED_AUTOS = YES_AGGRESSIVE;
				GCC_WARN_UNUSED_FUNCTION = YES;
				GCC_WARN_UNUSED_VARIABLE = YES;
				MACOSX_DEPLOYMENT_TARGET = 10.9;
				METAL_ENABLE_DEBUG_INFO = NO;
				SDKROOT = macosx;
			};
			name = Release;
		};
		D091C5741993EDC000123B85 /* Debug */ = {
			isa = XCBuildConfiguration;
			buildSettings = {
				ASSETCATALOG_COMPILER_APPICON_NAME = AppIcon;
				COMBINE_HIDPI_IMAGES = YES;
				INFOPLIST_FILE = Harbor/Info.plist;
				LD_RUNPATH_SEARCH_PATHS = "$(inherited) @executable_path/../Frameworks";
				PRODUCT_NAME = "$(TARGET_NAME)";
			};
			name = Debug;
		};
		D091C5751993EDC000123B85 /* Release */ = {
			isa = XCBuildConfiguration;
			buildSettings = {
				ASSETCATALOG_COMPILER_APPICON_NAME = AppIcon;
				COMBINE_HIDPI_IMAGES = YES;
				INFOPLIST_FILE = Harbor/Info.plist;
				LD_RUNPATH_SEARCH_PATHS = "$(inherited) @executable_path/../Frameworks";
				PRODUCT_NAME = "$(TARGET_NAME)";
			};
			name = Release;
		};
		D091C5771993EDC000123B85 /* Debug */ = {
			isa = XCBuildConfiguration;
			buildSettings = {
				BUNDLE_LOADER = "$(BUILT_PRODUCTS_DIR)/Harbor.app/Contents/MacOS/Harbor";
				CLANG_ENABLE_MODULES = YES;
				COMBINE_HIDPI_IMAGES = YES;
				FRAMEWORK_SEARCH_PATHS = (
					"$(DEVELOPER_FRAMEWORKS_DIR)",
					"$(inherited)",
				);
				GCC_PREPROCESSOR_DEFINITIONS = (
					"DEBUG=1",
					"$(inherited)",
				);
				INFOPLIST_FILE = HarborTests/Info.plist;
				LD_RUNPATH_SEARCH_PATHS = "$(inherited) @executable_path/../Frameworks @loader_path/../Frameworks";
				METAL_ENABLE_DEBUG_INFO = YES;
				PRODUCT_NAME = "$(TARGET_NAME)";
				SWIFT_OBJC_BRIDGING_HEADER = "HarborTests/HarborTests-Bridging-Header.h";
				SWIFT_OPTIMIZATION_LEVEL = "-Onone";
				TEST_HOST = "$(BUNDLE_LOADER)";
			};
			name = Debug;
		};
		D091C5781993EDC000123B85 /* Release */ = {
			isa = XCBuildConfiguration;
			buildSettings = {
				BUNDLE_LOADER = "$(BUILT_PRODUCTS_DIR)/Harbor.app/Contents/MacOS/Harbor";
				CLANG_ENABLE_MODULES = YES;
				COMBINE_HIDPI_IMAGES = YES;
				FRAMEWORK_SEARCH_PATHS = (
					"$(DEVELOPER_FRAMEWORKS_DIR)",
					"$(inherited)",
				);
				INFOPLIST_FILE = HarborTests/Info.plist;
				LD_RUNPATH_SEARCH_PATHS = "$(inherited) @executable_path/../Frameworks @loader_path/../Frameworks";
				METAL_ENABLE_DEBUG_INFO = NO;
				PRODUCT_NAME = "$(TARGET_NAME)";
				SWIFT_OBJC_BRIDGING_HEADER = "HarborTests/HarborTests-Bridging-Header.h";
				TEST_HOST = "$(BUNDLE_LOADER)";
			};
			name = Release;
		};
/* End XCBuildConfiguration section */

/* Begin XCConfigurationList section */
		D091C54F1993EDC000123B85 /* Build configuration list for PBXProject "Harbor" */ = {
			isa = XCConfigurationList;
			buildConfigurations = (
				D091C5711993EDC000123B85 /* Debug */,
				D091C5721993EDC000123B85 /* Release */,
			);
			defaultConfigurationIsVisible = 0;
			defaultConfigurationName = Release;
		};
		D091C5731993EDC000123B85 /* Build configuration list for PBXNativeTarget "Harbor" */ = {
			isa = XCConfigurationList;
			buildConfigurations = (
				D091C5741993EDC000123B85 /* Debug */,
				D091C5751993EDC000123B85 /* Release */,
			);
			defaultConfigurationIsVisible = 0;
			defaultConfigurationName = Release;
		};
		D091C5761993EDC000123B85 /* Build configuration list for PBXNativeTarget "HarborTests" */ = {
			isa = XCConfigurationList;
			buildConfigurations = (
				D091C5771993EDC000123B85 /* Debug */,
				D091C5781993EDC000123B85 /* Release */,
			);
			defaultConfigurationIsVisible = 0;
			defaultConfigurationName = Release;
		};
/* End XCConfigurationList section */

/* Begin XCVersionGroup section */
		D091C55D1993EDC000123B85 /* Harbor.xcdatamodeld */ = {
			isa = XCVersionGroup;
			children = (
				D091C55E1993EDC000123B85 /* Harbor.xcdatamodel */,
			);
			currentVersion = D091C55E1993EDC000123B85 /* Harbor.xcdatamodel */;
			path = Harbor.xcdatamodeld;
			sourceTree = "<group>";
			versionGroupType = wrapper.xcdatamodel;
		};
/* End XCVersionGroup section */
	};
	rootObject = D091C54C1993EDC000123B85 /* Project object */;
}
